// !$*UTF8*$!
{
	archiveVersion = 1;
	classes = {
	};
	objectVersion = 56;
	objects = {

/* Begin PBXBuildFile section */
		113FE5012C61395C00B2AC8B /* WaveView.swift in Sources */ = {isa = PBXBuildFile; fileRef = 113FE4FF2C61395C00B2AC8B /* WaveView.swift */; };
		113FE50B2C61396B00B2AC8B /* RadioStation.swift in Sources */ = {isa = PBXBuildFile; fileRef = 113FE5022C61396A00B2AC8B /* RadioStation.swift */; };
		113FE50C2C61396B00B2AC8B /* StationDetailsPresenter.swift in Sources */ = {isa = PBXBuildFile; fileRef = 113FE5042C61396A00B2AC8B /* StationDetailsPresenter.swift */; };
		113FE50D2C61396B00B2AC8B /* EqualizerView.swift in Sources */ = {isa = PBXBuildFile; fileRef = 113FE5062C61396A00B2AC8B /* EqualizerView.swift */; };
		113FE50E2C61396B00B2AC8B /* StationDetailsController.swift in Sources */ = {isa = PBXBuildFile; fileRef = 113FE5072C61396A00B2AC8B /* StationDetailsController.swift */; };
		113FE50F2C61396B00B2AC8B /* StationDetailsAssembly .swift in Sources */ = {isa = PBXBuildFile; fileRef = 113FE5092C61396A00B2AC8B /* StationDetailsAssembly .swift */; };
		11A1C67C2C69765F00C86B91 /* Kingfisher in Frameworks */ = {isa = PBXBuildFile; productRef = 11A1C67B2C69765F00C86B91 /* Kingfisher */; };
		B6E8FDFB2C670359008FF38C /* AllStationViewModel.swift in Sources */ = {isa = PBXBuildFile; fileRef = B6E8FDEF2C670359008FF38C /* AllStationViewModel.swift */; };
		B6E8FDFC2C670359008FF38C /* AllStationsCell.swift in Sources */ = {isa = PBXBuildFile; fileRef = B6E8FDF12C670359008FF38C /* AllStationsCell.swift */; };
		B6E8FDFD2C670359008FF38C /* StationView.swift in Sources */ = {isa = PBXBuildFile; fileRef = B6E8FDF22C670359008FF38C /* StationView.swift */; };
		B6E8FDFE2C670359008FF38C /* AllStationsAssembly.swift in Sources */ = {isa = PBXBuildFile; fileRef = B6E8FDF42C670359008FF38C /* AllStationsAssembly.swift */; };
		B6E8FDFF2C670359008FF38C /* AllStationsController.swift in Sources */ = {isa = PBXBuildFile; fileRef = B6E8FDF52C670359008FF38C /* AllStationsController.swift */; };
		B6E8FE002C670359008FF38C /* AllStationsPresenter.swift in Sources */ = {isa = PBXBuildFile; fileRef = B6E8FDF62C670359008FF38C /* AllStationsPresenter.swift */; };
		B6E8FE012C670359008FF38C /* AllStationsProtocols.swift in Sources */ = {isa = PBXBuildFile; fileRef = B6E8FDF72C670359008FF38C /* AllStationsProtocols.swift */; };
		B6E8FE022C670359008FF38C /* AllStationsRouter.swift in Sources */ = {isa = PBXBuildFile; fileRef = B6E8FDF82C670359008FF38C /* AllStationsRouter.swift */; };
		B6E8FE032C670359008FF38C /* SearchPresenter.swift in Sources */ = {isa = PBXBuildFile; fileRef = B6E8FDF92C670359008FF38C /* SearchPresenter.swift */; };
		B949AE442C5F804100E2A338 /* StorageManager.swift in Sources */ = {isa = PBXBuildFile; fileRef = B949AE432C5F804100E2A338 /* StorageManager.swift */; };
		B949AE512C5F805600E2A338 /* FavStationModel.swift in Sources */ = {isa = PBXBuildFile; fileRef = B949AE452C5F805600E2A338 /* FavStationModel.swift */; };
		B949AE522C5F805600E2A338 /* FavoritesPresenter.swift in Sources */ = {isa = PBXBuildFile; fileRef = B949AE472C5F805600E2A338 /* FavoritesPresenter.swift */; };
		B949AE532C5F805600E2A338 /* FavoriteRadioView.swift in Sources */ = {isa = PBXBuildFile; fileRef = B949AE492C5F805600E2A338 /* FavoriteRadioView.swift */; };
		B949AE542C5F805600E2A338 /* FavoritesController.swift in Sources */ = {isa = PBXBuildFile; fileRef = B949AE4A2C5F805600E2A338 /* FavoritesController.swift */; };
		B949AE552C5F805600E2A338 /* FavoritesAssembly.swift in Sources */ = {isa = PBXBuildFile; fileRef = B949AE4C2C5F805600E2A338 /* FavoritesAssembly.swift */; };
		B949AE562C5F805600E2A338 /* FavoritesBuilder.swift in Sources */ = {isa = PBXBuildFile; fileRef = B949AE4D2C5F805600E2A338 /* FavoritesBuilder.swift */; };
		B949AE572C5F805600E2A338 /* FavoritesProtocol.swift in Sources */ = {isa = PBXBuildFile; fileRef = B949AE4E2C5F805600E2A338 /* FavoritesProtocol.swift */; };
		B949AE582C5F805600E2A338 /* FavoritesRouter.swift in Sources */ = {isa = PBXBuildFile; fileRef = B949AE4F2C5F805600E2A338 /* FavoritesRouter.swift */; };
		B949AE5A2C5F808600E2A338 /* TableCell.swift in Sources */ = {isa = PBXBuildFile; fileRef = B949AE592C5F808600E2A338 /* TableCell.swift */; };
		BE9581482C6A2D8800A1D1B7 /* NotificationManager.swift in Sources */ = {isa = PBXBuildFile; fileRef = BE9581472C6A2D8800A1D1B7 /* NotificationManager.swift */; };
		BECF66132C58D6C30068160D /* ProfileRouter.swift in Sources */ = {isa = PBXBuildFile; fileRef = BECF66122C58D6C30068160D /* ProfileRouter.swift */; };
		BECF66152C58D6FA0068160D /* ProfileBuilder.swift in Sources */ = {isa = PBXBuildFile; fileRef = BECF66142C58D6FA0068160D /* ProfileBuilder.swift */; };
		BECF66172C58D7410068160D /* ProfileViewController.swift in Sources */ = {isa = PBXBuildFile; fileRef = BECF66162C58D7410068160D /* ProfileViewController.swift */; };
		BECF66192C5A05360068160D /* UserView.swift in Sources */ = {isa = PBXBuildFile; fileRef = BECF66182C5A05360068160D /* UserView.swift */; };
		BECF661B2C5A055C0068160D /* GeneralView.swift in Sources */ = {isa = PBXBuildFile; fileRef = BECF661A2C5A055C0068160D /* GeneralView.swift */; };
		BECF661D2C5A05750068160D /* CustomSettingsView.swift in Sources */ = {isa = PBXBuildFile; fileRef = BECF661C2C5A05750068160D /* CustomSettingsView.swift */; };
		BECF661F2C5A059A0068160D /* ProfilePresenter.swift in Sources */ = {isa = PBXBuildFile; fileRef = BECF661E2C5A059A0068160D /* ProfilePresenter.swift */; };
		BECF66232C5A06240068160D /* PrivacyPresenter.swift in Sources */ = {isa = PBXBuildFile; fileRef = BECF66222C5A06240068160D /* PrivacyPresenter.swift */; };
		BECF66252C5A06470068160D /* PrivacyViewController.swift in Sources */ = {isa = PBXBuildFile; fileRef = BECF66242C5A06470068160D /* PrivacyViewController.swift */; };
		BECF66272C5A06670068160D /* PrivacyInfo.swift in Sources */ = {isa = PBXBuildFile; fileRef = BECF66262C5A06670068160D /* PrivacyInfo.swift */; };
		BECF66292C5A06810068160D /* PrivacyInfoModel.swift in Sources */ = {isa = PBXBuildFile; fileRef = BECF66282C5A06810068160D /* PrivacyInfoModel.swift */; };
		BECF662C2C5A0D570068160D /* AboutUsViewController.swift in Sources */ = {isa = PBXBuildFile; fileRef = BECF662B2C5A0D570068160D /* AboutUsViewController.swift */; };
		BECF662E2C5A0D7E0068160D /* AboutUsPresenter.swift in Sources */ = {isa = PBXBuildFile; fileRef = BECF662D2C5A0D7E0068160D /* AboutUsPresenter.swift */; };
		BECF66302C5A0D9A0068160D /* TeamViewCell.swift in Sources */ = {isa = PBXBuildFile; fileRef = BECF662F2C5A0D9A0068160D /* TeamViewCell.swift */; };
		BECF66322C5A0DB70068160D /* Team.swift in Sources */ = {isa = PBXBuildFile; fileRef = BECF66312C5A0DB70068160D /* Team.swift */; };
		BECF66352C5A10AA0068160D /* UIView + Extensions.swift in Sources */ = {isa = PBXBuildFile; fileRef = BECF66342C5A10AA0068160D /* UIView + Extensions.swift */; };
		BECF663F2C5A1D750068160D /* String + Extensions.swift in Sources */ = {isa = PBXBuildFile; fileRef = BECF663E2C5A1D750068160D /* String + Extensions.swift */; };
		BECF66422C5A1E300068160D /* UDService.swift in Sources */ = {isa = PBXBuildFile; fileRef = BECF66412C5A1E300068160D /* UDService.swift */; };
		BECF66442C5A1FBF0068160D /* UILabel + Extensions.swift in Sources */ = {isa = PBXBuildFile; fileRef = BECF66432C5A1FBF0068160D /* UILabel + Extensions.swift */; };
		BECF66482C5A22A70068160D /* EditProfileViewController.swift in Sources */ = {isa = PBXBuildFile; fileRef = BECF66472C5A22A70068160D /* EditProfileViewController.swift */; };
		BECF664A2C5A22C90068160D /* EditProfilePresenter.swift in Sources */ = {isa = PBXBuildFile; fileRef = BECF66492C5A22C90068160D /* EditProfilePresenter.swift */; };
		BECF664C2C5A22EA0068160D /* ImageSelectionViewController.swift in Sources */ = {isa = PBXBuildFile; fileRef = BECF664B2C5A22EA0068160D /* ImageSelectionViewController.swift */; };
		BECF66542C5A36030068160D /* LanguageViewController.swift in Sources */ = {isa = PBXBuildFile; fileRef = BECF66532C5A36030068160D /* LanguageViewController.swift */; };
		BECF66562C5A361B0068160D /* LanguagePresenter.swift in Sources */ = {isa = PBXBuildFile; fileRef = BECF66552C5A361B0068160D /* LanguagePresenter.swift */; };
		BECF66582C5A36340068160D /* LanguageCell.swift in Sources */ = {isa = PBXBuildFile; fileRef = BECF66572C5A36340068160D /* LanguageCell.swift */; };
		BECF66652C5D22240068160D /* Localizable.strings in Resources */ = {isa = PBXBuildFile; fileRef = BECF66672C5D22240068160D /* Localizable.strings */; };
		BECF666D2C60D1FE0068160D /* CustomSwitchSettingsView.swift in Sources */ = {isa = PBXBuildFile; fileRef = BECF666C2C60D1FE0068160D /* CustomSwitchSettingsView.swift */; };
		C62348482C5E88BD00F536E7 /* Constants.swift in Sources */ = {isa = PBXBuildFile; fileRef = C62348472C5E88BD00F536E7 /* Constants.swift */; };
		C623484A2C5E88D100F536E7 /* ColorFactory.swift in Sources */ = {isa = PBXBuildFile; fileRef = C62348492C5E88D100F536E7 /* ColorFactory.swift */; };
		C623484C2C5E88E700F536E7 /* UIStackView + Extensions.swift in Sources */ = {isa = PBXBuildFile; fileRef = C623484B2C5E88E700F536E7 /* UIStackView + Extensions.swift */; };
		C623484E2C5E899800F536E7 /* UIImageView + Extensions.swift in Sources */ = {isa = PBXBuildFile; fileRef = C623484D2C5E899800F536E7 /* UIImageView + Extensions.swift */; };
		C62348562C5E8AA900F536E7 /* PopularAssembly.swift in Sources */ = {isa = PBXBuildFile; fileRef = C62348552C5E8AA900F536E7 /* PopularAssembly.swift */; };
		C62348582C5E8ABB00F536E7 /* PopularRouter.swift in Sources */ = {isa = PBXBuildFile; fileRef = C62348572C5E8ABB00F536E7 /* PopularRouter.swift */; };
		C623485A2C5E8AD300F536E7 /* PopularViewModel.swift in Sources */ = {isa = PBXBuildFile; fileRef = C62348592C5E8AD300F536E7 /* PopularViewModel.swift */; };
		C623485C2C5E8AE000F536E7 /* PopularPresenter.swift in Sources */ = {isa = PBXBuildFile; fileRef = C623485B2C5E8AE000F536E7 /* PopularPresenter.swift */; };
		C62348612C5E8B1300F536E7 /* PopularView.swift in Sources */ = {isa = PBXBuildFile; fileRef = C62348602C5E8B1300F536E7 /* PopularView.swift */; };
		C62348632C5E8B2100F536E7 /* PopularViewController.swift in Sources */ = {isa = PBXBuildFile; fileRef = C62348622C5E8B2100F536E7 /* PopularViewController.swift */; };
		C62348652C5E8B2D00F536E7 /* PopularCollectionViewCell.swift in Sources */ = {isa = PBXBuildFile; fileRef = C62348642C5E8B2D00F536E7 /* PopularCollectionViewCell.swift */; };
		C634B7222C66B83600459D1F /* VolumeSlider.swift in Sources */ = {isa = PBXBuildFile; fileRef = C634B7212C66B83600459D1F /* VolumeSlider.swift */; };
		C634B7242C66BF4500459D1F /* VerticalVolumeView.swift in Sources */ = {isa = PBXBuildFile; fileRef = C634B7232C66BF4500459D1F /* VerticalVolumeView.swift */; };
		C653B3272C6770740049A922 /* AudioPlayerView.swift in Sources */ = {isa = PBXBuildFile; fileRef = C653B3262C6770740049A922 /* AudioPlayerView.swift */; };
		C653B32D2C67E30C0049A922 /* HorizontalVolumeView.swift in Sources */ = {isa = PBXBuildFile; fileRef = C653B32C2C67E30C0049A922 /* HorizontalVolumeView.swift */; };
		C66106D72C60224E00E6196C /* AudioPlayerController.swift in Sources */ = {isa = PBXBuildFile; fileRef = C66106D62C60224E00E6196C /* AudioPlayerController.swift */; };
		C667FD6F2C63FC1100BB3320 /* PlayerStation.swift in Sources */ = {isa = PBXBuildFile; fileRef = C667FD6E2C63FC1100BB3320 /* PlayerStation.swift */; };
		C667FD732C64147300BB3320 /* Int + Extensions.swift in Sources */ = {isa = PBXBuildFile; fileRef = C667FD722C64147300BB3320 /* Int + Extensions.swift */; };
		C68453E02C62BA4D00C457EA /* AudioPlayerViewController.swift in Sources */ = {isa = PBXBuildFile; fileRef = C68453DF2C62BA4D00C457EA /* AudioPlayerViewController.swift */; };
		C68453E42C62BBE000C457EA /* AudioPlayerPresenter.swift in Sources */ = {isa = PBXBuildFile; fileRef = C68453E32C62BBE000C457EA /* AudioPlayerPresenter.swift */; };
		C68453E82C62C60000C457EA /* AudioAssembly.swift in Sources */ = {isa = PBXBuildFile; fileRef = C68453E72C62C60000C457EA /* AudioAssembly.swift */; };
		C6908FDA2C65584700208F0F /* Notification + Extensions.swift in Sources */ = {isa = PBXBuildFile; fileRef = C6908FD92C65584700208F0F /* Notification + Extensions.swift */; };
		C6DF00C62C5FA62E0011EA5D /* PlayerView.swift in Sources */ = {isa = PBXBuildFile; fileRef = C6DF00C52C5FA62E0011EA5D /* PlayerView.swift */; };
		C6DF00C82C5FAA4B0011EA5D /* UIButton + Extensions.swift in Sources */ = {isa = PBXBuildFile; fileRef = C6DF00C72C5FAA4B0011EA5D /* UIButton + Extensions.swift */; };
		C6E944B62C70E8330018E2E9 /* StationFormatter.swift in Sources */ = {isa = PBXBuildFile; fileRef = C6E944B52C70E8330018E2E9 /* StationFormatter.swift */; };
		CB148A2F2C68BEFF008BF50C /* wave.json in Resources */ = {isa = PBXBuildFile; fileRef = CB148A2E2C68BEFF008BF50C /* wave.json */; };
		CB28CF5E2C63CCED00E55A95 /* LoadingPresenting.swift in Sources */ = {isa = PBXBuildFile; fileRef = CB28CF5D2C63CCED00E55A95 /* LoadingPresenting.swift */; };
		CB28CF602C63CD0E00E55A95 /* ErrorPresenting.swift in Sources */ = {isa = PBXBuildFile; fileRef = CB28CF5F2C63CD0E00E55A95 /* ErrorPresenting.swift */; };
		CB28CF622C63CD9C00E55A95 /* ErrorView.swift in Sources */ = {isa = PBXBuildFile; fileRef = CB28CF612C63CD9C00E55A95 /* ErrorView.swift */; };
		CB28CF642C63D6F800E55A95 /* error.json in Resources */ = {isa = PBXBuildFile; fileRef = CB28CF632C63D6F800E55A95 /* error.json */; };
		CB2C8C962C5698E400D280FE /* AppDelegate.swift in Sources */ = {isa = PBXBuildFile; fileRef = CB2C8C952C5698E400D280FE /* AppDelegate.swift */; };
		CB2C8C982C5698E400D280FE /* SceneDelegate.swift in Sources */ = {isa = PBXBuildFile; fileRef = CB2C8C972C5698E400D280FE /* SceneDelegate.swift */; };
		CB2C8CA02C5698E400D280FE /* RadioApp.xcdatamodeld in Sources */ = {isa = PBXBuildFile; fileRef = CB2C8C9E2C5698E400D280FE /* RadioApp.xcdatamodeld */; };
		CB2C8CA52C5698E600D280FE /* LaunchScreen.storyboard in Resources */ = {isa = PBXBuildFile; fileRef = CB2C8CA32C5698E600D280FE /* LaunchScreen.storyboard */; };
		CB2C8CB02C5767DF00D280FE /* Router.swift in Sources */ = {isa = PBXBuildFile; fileRef = CB2C8CAF2C5767DF00D280FE /* Router.swift */; };
		CB2C8CB32C5768CB00D280FE /* NavigationController.swift in Sources */ = {isa = PBXBuildFile; fileRef = CB2C8CB22C5768CB00D280FE /* NavigationController.swift */; };
		CB2C8CB52C576A5C00D280FE /* ViewController.swift in Sources */ = {isa = PBXBuildFile; fileRef = CB2C8CB42C576A5C00D280FE /* ViewController.swift */; };
		CB2C8CB72C57AACC00D280FE /* ModuleAssembly.swift in Sources */ = {isa = PBXBuildFile; fileRef = CB2C8CB62C57AACC00D280FE /* ModuleAssembly.swift */; };
		CB2C8CBA2C57AB5800D280FE /* Configurable.swift in Sources */ = {isa = PBXBuildFile; fileRef = CB2C8CB92C57AB5800D280FE /* Configurable.swift */; };
		CB2C8CC02C57B1A000D280FE /* HomeController.swift in Sources */ = {isa = PBXBuildFile; fileRef = CB2C8CBF2C57B1A000D280FE /* HomeController.swift */; };
		CB2C8CC82C57C8AB00D280FE /* Assets.xcassets in Resources */ = {isa = PBXBuildFile; fileRef = CB2C8CC72C57C8AB00D280FE /* Assets.xcassets */; };
		CB6F3E412CA87A2B005C2ED9 /* ViewController+LoadingPresenting.swift in Sources */ = {isa = PBXBuildFile; fileRef = CB6F3E402CA87A2B005C2ED9 /* ViewController+LoadingPresenting.swift */; };
		CB6F3E432CA87BF1005C2ED9 /* ViewController+ErrorPresenting.swift in Sources */ = {isa = PBXBuildFile; fileRef = CB6F3E422CA87BF1005C2ED9 /* ViewController+ErrorPresenting.swift */; };
		CB6F3E452CA87F2B005C2ED9 /* UIImage+Mask.swift in Sources */ = {isa = PBXBuildFile; fileRef = CB6F3E442CA87F2B005C2ED9 /* UIImage+Mask.swift */; };
		CB6F3E472CA88044005C2ED9 /* MainBarItem.swift in Sources */ = {isa = PBXBuildFile; fileRef = CB6F3E462CA88044005C2ED9 /* MainBarItem.swift */; };
		CBB20CBA2C61501300B35416 /* GoogleService-Info.plist in Resources */ = {isa = PBXBuildFile; fileRef = CBB20CB92C61501300B35416 /* GoogleService-Info.plist */; };
		CBB20CBF2C61540E00B35416 /* FirebaseAuth in Frameworks */ = {isa = PBXBuildFile; productRef = CBB20CBE2C61540E00B35416 /* FirebaseAuth */; };
		CBB20CC12C61540E00B35416 /* FirebaseFirestore in Frameworks */ = {isa = PBXBuildFile; productRef = CBB20CC02C61540E00B35416 /* FirebaseFirestore */; };
		CBB20CC42C61542A00B35416 /* SnapKit in Frameworks */ = {isa = PBXBuildFile; productRef = CBB20CC32C61542A00B35416 /* SnapKit */; };
		CBB20CC72C61566300B35416 /* RadioBrowser in Frameworks */ = {isa = PBXBuildFile; productRef = CBB20CC62C61566300B35416 /* RadioBrowser */; };
		CBB20CCD2C62139500B35416 /* loading.json in Resources */ = {isa = PBXBuildFile; fileRef = CBB20CCC2C62139400B35416 /* loading.json */; };
		CBB20CCF2C6213A000B35416 /* AuthenticationManager.swift in Sources */ = {isa = PBXBuildFile; fileRef = CBB20CCE2C6213A000B35416 /* AuthenticationManager.swift */; };
		CBB20CD12C6213BF00B35416 /* UserApp.swift in Sources */ = {isa = PBXBuildFile; fileRef = CBB20CD02C6213BF00B35416 /* UserApp.swift */; };
		CBB20CD32C62141900B35416 /* LoadingView.swift in Sources */ = {isa = PBXBuildFile; fileRef = CBB20CD22C62141900B35416 /* LoadingView.swift */; };
		CBB20CD52C62145000B35416 /* BrowserController.swift in Sources */ = {isa = PBXBuildFile; fileRef = CBB20CD42C62145000B35416 /* BrowserController.swift */; };
		CBB20CD82C6216B400B35416 /* GoogleSignIn in Frameworks */ = {isa = PBXBuildFile; productRef = CBB20CD72C6216B400B35416 /* GoogleSignIn */; };
		CBB20CDA2C6216B400B35416 /* GoogleSignInSwift in Frameworks */ = {isa = PBXBuildFile; productRef = CBB20CD92C6216B400B35416 /* GoogleSignInSwift */; };
		CBB20CDD2C62171700B35416 /* Lottie in Frameworks */ = {isa = PBXBuildFile; productRef = CBB20CDC2C62171700B35416 /* Lottie */; };
		CBB20CE22C626C0000B35416 /* RootRouter.swift in Sources */ = {isa = PBXBuildFile; fileRef = CBB20CE12C626C0000B35416 /* RootRouter.swift */; };
		CBB20CE42C626C4700B35416 /* RootBuilder.swift in Sources */ = {isa = PBXBuildFile; fileRef = CBB20CE32C626C4700B35416 /* RootBuilder.swift */; };
		CBB20CE62C62792800B35416 /* HomeRouter.swift in Sources */ = {isa = PBXBuildFile; fileRef = CBB20CE52C62792800B35416 /* HomeRouter.swift */; };
		CBB20CEA2C627A7100B35416 /* HomeAssembly.swift in Sources */ = {isa = PBXBuildFile; fileRef = CBB20CE92C627A7100B35416 /* HomeAssembly.swift */; };
		CBB20CEC2C627AA200B35416 /* HomePresenter.swift in Sources */ = {isa = PBXBuildFile; fileRef = CBB20CEB2C627AA200B35416 /* HomePresenter.swift */; };
		CBB20CEE2C627E0B00B35416 /* ProfileAssembly.swift in Sources */ = {isa = PBXBuildFile; fileRef = CBB20CED2C627E0B00B35416 /* ProfileAssembly.swift */; };
		CBCA8D7A2C5D38AB003B01B9 /* OnboardingController.swift in Sources */ = {isa = PBXBuildFile; fileRef = CBCA8D762C5D38AB003B01B9 /* OnboardingController.swift */; };
		CBCA8D7B2C5D38AB003B01B9 /* OnboardingRouter.swift in Sources */ = {isa = PBXBuildFile; fileRef = CBCA8D772C5D38AB003B01B9 /* OnboardingRouter.swift */; };
		CBCA8D7C2C5D38AB003B01B9 /* OnboardingAssembly.swift in Sources */ = {isa = PBXBuildFile; fileRef = CBCA8D782C5D38AB003B01B9 /* OnboardingAssembly.swift */; };
		CBCA8D7D2C5D38AB003B01B9 /* OnboardingPresenter.swift in Sources */ = {isa = PBXBuildFile; fileRef = CBCA8D792C5D38AB003B01B9 /* OnboardingPresenter.swift */; };
		CBCA8D952C5D3965003B01B9 /* AuthorizationRouter.swift in Sources */ = {isa = PBXBuildFile; fileRef = CBCA8D852C5D3965003B01B9 /* AuthorizationRouter.swift */; };
		CBCA8D962C5D3965003B01B9 /* AuthorizationProtocols.swift in Sources */ = {isa = PBXBuildFile; fileRef = CBCA8D862C5D3965003B01B9 /* AuthorizationProtocols.swift */; };
		CBCA8D972C5D3965003B01B9 /* AuthorizationPresenter.swift in Sources */ = {isa = PBXBuildFile; fileRef = CBCA8D882C5D3965003B01B9 /* AuthorizationPresenter.swift */; };
		CBCA8D982C5D3965003B01B9 /* AuthorizationAssembly.swift in Sources */ = {isa = PBXBuildFile; fileRef = CBCA8D892C5D3965003B01B9 /* AuthorizationAssembly.swift */; };
		CBCA8D992C5D3965003B01B9 /* AuthorizationBuilder.swift in Sources */ = {isa = PBXBuildFile; fileRef = CBCA8D8A2C5D3965003B01B9 /* AuthorizationBuilder.swift */; };
		CBCA8D9A2C5D3965003B01B9 /* AuthorizationController.swift in Sources */ = {isa = PBXBuildFile; fileRef = CBCA8D8C2C5D3965003B01B9 /* AuthorizationController.swift */; };
		CBCA8D9B2C5D3965003B01B9 /* AuthorizationField.swift in Sources */ = {isa = PBXBuildFile; fileRef = CBCA8D8D2C5D3965003B01B9 /* AuthorizationField.swift */; };
		CBCA8D9C2C5D3965003B01B9 /* UpdatePasswordController.swift in Sources */ = {isa = PBXBuildFile; fileRef = CBCA8D902C5D3965003B01B9 /* UpdatePasswordController.swift */; };
		CBCA8D9D2C5D3965003B01B9 /* UpdatePasswordPresenter.swift in Sources */ = {isa = PBXBuildFile; fileRef = CBCA8D912C5D3965003B01B9 /* UpdatePasswordPresenter.swift */; };
		CBCA8D9E2C5D3965003B01B9 /* ForgotPasswordController.swift in Sources */ = {isa = PBXBuildFile; fileRef = CBCA8D932C5D3965003B01B9 /* ForgotPasswordController.swift */; };
		CBCA8D9F2C5D3965003B01B9 /* ForgotPasswordPresenter.swift in Sources */ = {isa = PBXBuildFile; fileRef = CBCA8D942C5D3965003B01B9 /* ForgotPasswordPresenter.swift */; };
		CBCA8DA12C5D39AD003B01B9 /* UITextField + Extensions.swift in Sources */ = {isa = PBXBuildFile; fileRef = CBCA8DA02C5D39AD003B01B9 /* UITextField + Extensions.swift */; };
		CBF57B562C58319D006237E8 /* Builder.swift in Sources */ = {isa = PBXBuildFile; fileRef = CBF57B552C58319D006237E8 /* Builder.swift */; };
		CBF57B592C5835AC006237E8 /* CollectionCell.swift in Sources */ = {isa = PBXBuildFile; fileRef = CBF57B582C5835AC006237E8 /* CollectionCell.swift */; };
/* End PBXBuildFile section */

/* Begin PBXFileReference section */
		113FE4FF2C61395C00B2AC8B /* WaveView.swift */ = {isa = PBXFileReference; fileEncoding = 4; lastKnownFileType = sourcecode.swift; path = WaveView.swift; sourceTree = "<group>"; };
		113FE5022C61396A00B2AC8B /* RadioStation.swift */ = {isa = PBXFileReference; fileEncoding = 4; lastKnownFileType = sourcecode.swift; path = RadioStation.swift; sourceTree = "<group>"; };
		113FE5042C61396A00B2AC8B /* StationDetailsPresenter.swift */ = {isa = PBXFileReference; fileEncoding = 4; lastKnownFileType = sourcecode.swift; path = StationDetailsPresenter.swift; sourceTree = "<group>"; };
		113FE5062C61396A00B2AC8B /* EqualizerView.swift */ = {isa = PBXFileReference; fileEncoding = 4; lastKnownFileType = sourcecode.swift; path = EqualizerView.swift; sourceTree = "<group>"; };
		113FE5072C61396A00B2AC8B /* StationDetailsController.swift */ = {isa = PBXFileReference; fileEncoding = 4; lastKnownFileType = sourcecode.swift; path = StationDetailsController.swift; sourceTree = "<group>"; };
		113FE5092C61396A00B2AC8B /* StationDetailsAssembly .swift */ = {isa = PBXFileReference; fileEncoding = 4; lastKnownFileType = sourcecode.swift; path = "StationDetailsAssembly .swift"; sourceTree = "<group>"; };
		B6E8FDEF2C670359008FF38C /* AllStationViewModel.swift */ = {isa = PBXFileReference; fileEncoding = 4; lastKnownFileType = sourcecode.swift; path = AllStationViewModel.swift; sourceTree = "<group>"; };
		B6E8FDF12C670359008FF38C /* AllStationsCell.swift */ = {isa = PBXFileReference; fileEncoding = 4; lastKnownFileType = sourcecode.swift; path = AllStationsCell.swift; sourceTree = "<group>"; };
		B6E8FDF22C670359008FF38C /* StationView.swift */ = {isa = PBXFileReference; fileEncoding = 4; lastKnownFileType = sourcecode.swift; path = StationView.swift; sourceTree = "<group>"; };
		B6E8FDF42C670359008FF38C /* AllStationsAssembly.swift */ = {isa = PBXFileReference; fileEncoding = 4; lastKnownFileType = sourcecode.swift; path = AllStationsAssembly.swift; sourceTree = "<group>"; };
		B6E8FDF52C670359008FF38C /* AllStationsController.swift */ = {isa = PBXFileReference; fileEncoding = 4; lastKnownFileType = sourcecode.swift; path = AllStationsController.swift; sourceTree = "<group>"; };
		B6E8FDF62C670359008FF38C /* AllStationsPresenter.swift */ = {isa = PBXFileReference; fileEncoding = 4; lastKnownFileType = sourcecode.swift; path = AllStationsPresenter.swift; sourceTree = "<group>"; };
		B6E8FDF72C670359008FF38C /* AllStationsProtocols.swift */ = {isa = PBXFileReference; fileEncoding = 4; lastKnownFileType = sourcecode.swift; path = AllStationsProtocols.swift; sourceTree = "<group>"; };
		B6E8FDF82C670359008FF38C /* AllStationsRouter.swift */ = {isa = PBXFileReference; fileEncoding = 4; lastKnownFileType = sourcecode.swift; path = AllStationsRouter.swift; sourceTree = "<group>"; };
		B6E8FDF92C670359008FF38C /* SearchPresenter.swift */ = {isa = PBXFileReference; fileEncoding = 4; lastKnownFileType = sourcecode.swift; path = SearchPresenter.swift; sourceTree = "<group>"; };
		B949AE432C5F804100E2A338 /* StorageManager.swift */ = {isa = PBXFileReference; fileEncoding = 4; lastKnownFileType = sourcecode.swift; path = StorageManager.swift; sourceTree = "<group>"; };
		B949AE452C5F805600E2A338 /* FavStationModel.swift */ = {isa = PBXFileReference; fileEncoding = 4; lastKnownFileType = sourcecode.swift; path = FavStationModel.swift; sourceTree = "<group>"; };
		B949AE472C5F805600E2A338 /* FavoritesPresenter.swift */ = {isa = PBXFileReference; fileEncoding = 4; lastKnownFileType = sourcecode.swift; path = FavoritesPresenter.swift; sourceTree = "<group>"; };
		B949AE492C5F805600E2A338 /* FavoriteRadioView.swift */ = {isa = PBXFileReference; fileEncoding = 4; lastKnownFileType = sourcecode.swift; path = FavoriteRadioView.swift; sourceTree = "<group>"; };
		B949AE4A2C5F805600E2A338 /* FavoritesController.swift */ = {isa = PBXFileReference; fileEncoding = 4; lastKnownFileType = sourcecode.swift; path = FavoritesController.swift; sourceTree = "<group>"; };
		B949AE4C2C5F805600E2A338 /* FavoritesAssembly.swift */ = {isa = PBXFileReference; fileEncoding = 4; lastKnownFileType = sourcecode.swift; path = FavoritesAssembly.swift; sourceTree = "<group>"; };
		B949AE4D2C5F805600E2A338 /* FavoritesBuilder.swift */ = {isa = PBXFileReference; fileEncoding = 4; lastKnownFileType = sourcecode.swift; path = FavoritesBuilder.swift; sourceTree = "<group>"; };
		B949AE4E2C5F805600E2A338 /* FavoritesProtocol.swift */ = {isa = PBXFileReference; fileEncoding = 4; lastKnownFileType = sourcecode.swift; path = FavoritesProtocol.swift; sourceTree = "<group>"; };
		B949AE4F2C5F805600E2A338 /* FavoritesRouter.swift */ = {isa = PBXFileReference; fileEncoding = 4; lastKnownFileType = sourcecode.swift; path = FavoritesRouter.swift; sourceTree = "<group>"; };
		B949AE592C5F808600E2A338 /* TableCell.swift */ = {isa = PBXFileReference; fileEncoding = 4; lastKnownFileType = sourcecode.swift; path = TableCell.swift; sourceTree = "<group>"; };
		BE9581472C6A2D8800A1D1B7 /* NotificationManager.swift */ = {isa = PBXFileReference; lastKnownFileType = sourcecode.swift; path = NotificationManager.swift; sourceTree = "<group>"; };
		BECF66122C58D6C30068160D /* ProfileRouter.swift */ = {isa = PBXFileReference; lastKnownFileType = sourcecode.swift; path = ProfileRouter.swift; sourceTree = "<group>"; };
		BECF66142C58D6FA0068160D /* ProfileBuilder.swift */ = {isa = PBXFileReference; lastKnownFileType = sourcecode.swift; path = ProfileBuilder.swift; sourceTree = "<group>"; };
		BECF66162C58D7410068160D /* ProfileViewController.swift */ = {isa = PBXFileReference; lastKnownFileType = sourcecode.swift; path = ProfileViewController.swift; sourceTree = "<group>"; };
		BECF66182C5A05360068160D /* UserView.swift */ = {isa = PBXFileReference; lastKnownFileType = sourcecode.swift; path = UserView.swift; sourceTree = "<group>"; };
		BECF661A2C5A055C0068160D /* GeneralView.swift */ = {isa = PBXFileReference; lastKnownFileType = sourcecode.swift; path = GeneralView.swift; sourceTree = "<group>"; };
		BECF661C2C5A05750068160D /* CustomSettingsView.swift */ = {isa = PBXFileReference; lastKnownFileType = sourcecode.swift; path = CustomSettingsView.swift; sourceTree = "<group>"; };
		BECF661E2C5A059A0068160D /* ProfilePresenter.swift */ = {isa = PBXFileReference; lastKnownFileType = sourcecode.swift; path = ProfilePresenter.swift; sourceTree = "<group>"; };
		BECF66222C5A06240068160D /* PrivacyPresenter.swift */ = {isa = PBXFileReference; lastKnownFileType = sourcecode.swift; path = PrivacyPresenter.swift; sourceTree = "<group>"; };
		BECF66242C5A06470068160D /* PrivacyViewController.swift */ = {isa = PBXFileReference; lastKnownFileType = sourcecode.swift; path = PrivacyViewController.swift; sourceTree = "<group>"; };
		BECF66262C5A06670068160D /* PrivacyInfo.swift */ = {isa = PBXFileReference; lastKnownFileType = sourcecode.swift; path = PrivacyInfo.swift; sourceTree = "<group>"; };
		BECF66282C5A06810068160D /* PrivacyInfoModel.swift */ = {isa = PBXFileReference; lastKnownFileType = sourcecode.swift; path = PrivacyInfoModel.swift; sourceTree = "<group>"; };
		BECF662B2C5A0D570068160D /* AboutUsViewController.swift */ = {isa = PBXFileReference; lastKnownFileType = sourcecode.swift; path = AboutUsViewController.swift; sourceTree = "<group>"; };
		BECF662D2C5A0D7E0068160D /* AboutUsPresenter.swift */ = {isa = PBXFileReference; lastKnownFileType = sourcecode.swift; path = AboutUsPresenter.swift; sourceTree = "<group>"; };
		BECF662F2C5A0D9A0068160D /* TeamViewCell.swift */ = {isa = PBXFileReference; lastKnownFileType = sourcecode.swift; path = TeamViewCell.swift; sourceTree = "<group>"; };
		BECF66312C5A0DB70068160D /* Team.swift */ = {isa = PBXFileReference; lastKnownFileType = sourcecode.swift; path = Team.swift; sourceTree = "<group>"; };
		BECF66342C5A10AA0068160D /* UIView + Extensions.swift */ = {isa = PBXFileReference; lastKnownFileType = sourcecode.swift; path = "UIView + Extensions.swift"; sourceTree = "<group>"; };
		BECF663E2C5A1D750068160D /* String + Extensions.swift */ = {isa = PBXFileReference; lastKnownFileType = sourcecode.swift; path = "String + Extensions.swift"; sourceTree = "<group>"; };
		BECF66412C5A1E300068160D /* UDService.swift */ = {isa = PBXFileReference; lastKnownFileType = sourcecode.swift; path = UDService.swift; sourceTree = "<group>"; };
		BECF66432C5A1FBF0068160D /* UILabel + Extensions.swift */ = {isa = PBXFileReference; lastKnownFileType = sourcecode.swift; path = "UILabel + Extensions.swift"; sourceTree = "<group>"; };
		BECF66472C5A22A70068160D /* EditProfileViewController.swift */ = {isa = PBXFileReference; lastKnownFileType = sourcecode.swift; path = EditProfileViewController.swift; sourceTree = "<group>"; };
		BECF66492C5A22C90068160D /* EditProfilePresenter.swift */ = {isa = PBXFileReference; lastKnownFileType = sourcecode.swift; path = EditProfilePresenter.swift; sourceTree = "<group>"; };
		BECF664B2C5A22EA0068160D /* ImageSelectionViewController.swift */ = {isa = PBXFileReference; lastKnownFileType = sourcecode.swift; path = ImageSelectionViewController.swift; sourceTree = "<group>"; };
		BECF66532C5A36030068160D /* LanguageViewController.swift */ = {isa = PBXFileReference; lastKnownFileType = sourcecode.swift; path = LanguageViewController.swift; sourceTree = "<group>"; };
		BECF66552C5A361B0068160D /* LanguagePresenter.swift */ = {isa = PBXFileReference; lastKnownFileType = sourcecode.swift; path = LanguagePresenter.swift; sourceTree = "<group>"; };
		BECF66572C5A36340068160D /* LanguageCell.swift */ = {isa = PBXFileReference; lastKnownFileType = sourcecode.swift; path = LanguageCell.swift; sourceTree = "<group>"; };
		BECF66662C5D22240068160D /* en */ = {isa = PBXFileReference; lastKnownFileType = text.plist.strings; name = en; path = en.lproj/Localizable.strings; sourceTree = "<group>"; };
		BECF666A2C5D22DC0068160D /* ru */ = {isa = PBXFileReference; lastKnownFileType = text.plist.strings; name = ru; path = ru.lproj/LaunchScreen.strings; sourceTree = "<group>"; };
		BECF666B2C5D22F20068160D /* ru */ = {isa = PBXFileReference; lastKnownFileType = text.plist.strings; name = ru; path = ru.lproj/Localizable.strings; sourceTree = "<group>"; };
		BECF666C2C60D1FE0068160D /* CustomSwitchSettingsView.swift */ = {isa = PBXFileReference; lastKnownFileType = sourcecode.swift; path = CustomSwitchSettingsView.swift; sourceTree = "<group>"; };
		C62348472C5E88BD00F536E7 /* Constants.swift */ = {isa = PBXFileReference; lastKnownFileType = sourcecode.swift; path = Constants.swift; sourceTree = "<group>"; };
		C62348492C5E88D100F536E7 /* ColorFactory.swift */ = {isa = PBXFileReference; lastKnownFileType = sourcecode.swift; path = ColorFactory.swift; sourceTree = "<group>"; };
		C623484B2C5E88E700F536E7 /* UIStackView + Extensions.swift */ = {isa = PBXFileReference; lastKnownFileType = sourcecode.swift; path = "UIStackView + Extensions.swift"; sourceTree = "<group>"; };
		C623484D2C5E899800F536E7 /* UIImageView + Extensions.swift */ = {isa = PBXFileReference; lastKnownFileType = sourcecode.swift; path = "UIImageView + Extensions.swift"; sourceTree = "<group>"; };
		C62348552C5E8AA900F536E7 /* PopularAssembly.swift */ = {isa = PBXFileReference; lastKnownFileType = sourcecode.swift; path = PopularAssembly.swift; sourceTree = "<group>"; };
		C62348572C5E8ABB00F536E7 /* PopularRouter.swift */ = {isa = PBXFileReference; lastKnownFileType = sourcecode.swift; path = PopularRouter.swift; sourceTree = "<group>"; };
		C62348592C5E8AD300F536E7 /* PopularViewModel.swift */ = {isa = PBXFileReference; lastKnownFileType = sourcecode.swift; path = PopularViewModel.swift; sourceTree = "<group>"; };
		C623485B2C5E8AE000F536E7 /* PopularPresenter.swift */ = {isa = PBXFileReference; lastKnownFileType = sourcecode.swift; path = PopularPresenter.swift; sourceTree = "<group>"; };
		C62348602C5E8B1300F536E7 /* PopularView.swift */ = {isa = PBXFileReference; lastKnownFileType = sourcecode.swift; path = PopularView.swift; sourceTree = "<group>"; };
		C62348622C5E8B2100F536E7 /* PopularViewController.swift */ = {isa = PBXFileReference; lastKnownFileType = sourcecode.swift; path = PopularViewController.swift; sourceTree = "<group>"; };
		C62348642C5E8B2D00F536E7 /* PopularCollectionViewCell.swift */ = {isa = PBXFileReference; lastKnownFileType = sourcecode.swift; path = PopularCollectionViewCell.swift; sourceTree = "<group>"; };
		C634B7212C66B83600459D1F /* VolumeSlider.swift */ = {isa = PBXFileReference; lastKnownFileType = sourcecode.swift; path = VolumeSlider.swift; sourceTree = "<group>"; };
		C634B7232C66BF4500459D1F /* VerticalVolumeView.swift */ = {isa = PBXFileReference; lastKnownFileType = sourcecode.swift; path = VerticalVolumeView.swift; sourceTree = "<group>"; };
		C653B3262C6770740049A922 /* AudioPlayerView.swift */ = {isa = PBXFileReference; lastKnownFileType = sourcecode.swift; path = AudioPlayerView.swift; sourceTree = "<group>"; };
		C653B32C2C67E30C0049A922 /* HorizontalVolumeView.swift */ = {isa = PBXFileReference; lastKnownFileType = sourcecode.swift; path = HorizontalVolumeView.swift; sourceTree = "<group>"; };
		C66106D62C60224E00E6196C /* AudioPlayerController.swift */ = {isa = PBXFileReference; lastKnownFileType = sourcecode.swift; path = AudioPlayerController.swift; sourceTree = "<group>"; };
		C667FD6E2C63FC1100BB3320 /* PlayerStation.swift */ = {isa = PBXFileReference; lastKnownFileType = sourcecode.swift; path = PlayerStation.swift; sourceTree = "<group>"; };
		C667FD722C64147300BB3320 /* Int + Extensions.swift */ = {isa = PBXFileReference; lastKnownFileType = sourcecode.swift; path = "Int + Extensions.swift"; sourceTree = "<group>"; };
		C68453DF2C62BA4D00C457EA /* AudioPlayerViewController.swift */ = {isa = PBXFileReference; lastKnownFileType = sourcecode.swift; path = AudioPlayerViewController.swift; sourceTree = "<group>"; };
		C68453E32C62BBE000C457EA /* AudioPlayerPresenter.swift */ = {isa = PBXFileReference; lastKnownFileType = sourcecode.swift; path = AudioPlayerPresenter.swift; sourceTree = "<group>"; };
		C68453E72C62C60000C457EA /* AudioAssembly.swift */ = {isa = PBXFileReference; lastKnownFileType = sourcecode.swift; path = AudioAssembly.swift; sourceTree = "<group>"; };
		C6908FD92C65584700208F0F /* Notification + Extensions.swift */ = {isa = PBXFileReference; lastKnownFileType = sourcecode.swift; path = "Notification + Extensions.swift"; sourceTree = "<group>"; };
		C6DF00C52C5FA62E0011EA5D /* PlayerView.swift */ = {isa = PBXFileReference; lastKnownFileType = sourcecode.swift; path = PlayerView.swift; sourceTree = "<group>"; };
		C6DF00C72C5FAA4B0011EA5D /* UIButton + Extensions.swift */ = {isa = PBXFileReference; lastKnownFileType = sourcecode.swift; path = "UIButton + Extensions.swift"; sourceTree = "<group>"; };
		C6E944B52C70E8330018E2E9 /* StationFormatter.swift */ = {isa = PBXFileReference; lastKnownFileType = sourcecode.swift; path = StationFormatter.swift; sourceTree = "<group>"; };
		CB148A2E2C68BEFF008BF50C /* wave.json */ = {isa = PBXFileReference; fileEncoding = 4; lastKnownFileType = text.json; path = wave.json; sourceTree = "<group>"; };
		CB28CF5D2C63CCED00E55A95 /* LoadingPresenting.swift */ = {isa = PBXFileReference; lastKnownFileType = sourcecode.swift; path = LoadingPresenting.swift; sourceTree = "<group>"; };
		CB28CF5F2C63CD0E00E55A95 /* ErrorPresenting.swift */ = {isa = PBXFileReference; lastKnownFileType = sourcecode.swift; path = ErrorPresenting.swift; sourceTree = "<group>"; };
		CB28CF612C63CD9C00E55A95 /* ErrorView.swift */ = {isa = PBXFileReference; lastKnownFileType = sourcecode.swift; path = ErrorView.swift; sourceTree = "<group>"; };
		CB28CF632C63D6F800E55A95 /* error.json */ = {isa = PBXFileReference; fileEncoding = 4; lastKnownFileType = text.json; path = error.json; sourceTree = "<group>"; };
		CB2C8C922C5698E400D280FE /* RadioApp.app */ = {isa = PBXFileReference; explicitFileType = wrapper.application; includeInIndex = 0; path = RadioApp.app; sourceTree = BUILT_PRODUCTS_DIR; };
		CB2C8C952C5698E400D280FE /* AppDelegate.swift */ = {isa = PBXFileReference; lastKnownFileType = sourcecode.swift; path = AppDelegate.swift; sourceTree = "<group>"; };
		CB2C8C972C5698E400D280FE /* SceneDelegate.swift */ = {isa = PBXFileReference; lastKnownFileType = sourcecode.swift; path = SceneDelegate.swift; sourceTree = "<group>"; };
		CB2C8C9F2C5698E400D280FE /* RadioApp.xcdatamodel */ = {isa = PBXFileReference; lastKnownFileType = wrapper.xcdatamodel; path = RadioApp.xcdatamodel; sourceTree = "<group>"; };
		CB2C8CA42C5698E600D280FE /* Base */ = {isa = PBXFileReference; lastKnownFileType = file.storyboard; name = Base; path = Base.lproj/LaunchScreen.storyboard; sourceTree = "<group>"; };
		CB2C8CA62C5698E600D280FE /* Info.plist */ = {isa = PBXFileReference; lastKnownFileType = text.plist.xml; path = Info.plist; sourceTree = "<group>"; };
		CB2C8CAF2C5767DF00D280FE /* Router.swift */ = {isa = PBXFileReference; lastKnownFileType = sourcecode.swift; path = Router.swift; sourceTree = "<group>"; };
		CB2C8CB22C5768CB00D280FE /* NavigationController.swift */ = {isa = PBXFileReference; lastKnownFileType = sourcecode.swift; path = NavigationController.swift; sourceTree = "<group>"; };
		CB2C8CB42C576A5C00D280FE /* ViewController.swift */ = {isa = PBXFileReference; lastKnownFileType = sourcecode.swift; path = ViewController.swift; sourceTree = "<group>"; };
		CB2C8CB62C57AACC00D280FE /* ModuleAssembly.swift */ = {isa = PBXFileReference; lastKnownFileType = sourcecode.swift; path = ModuleAssembly.swift; sourceTree = "<group>"; };
		CB2C8CB92C57AB5800D280FE /* Configurable.swift */ = {isa = PBXFileReference; lastKnownFileType = sourcecode.swift; path = Configurable.swift; sourceTree = "<group>"; };
		CB2C8CBF2C57B1A000D280FE /* HomeController.swift */ = {isa = PBXFileReference; lastKnownFileType = sourcecode.swift; path = HomeController.swift; sourceTree = "<group>"; };
		CB2C8CC72C57C8AB00D280FE /* Assets.xcassets */ = {isa = PBXFileReference; lastKnownFileType = folder.assetcatalog; path = Assets.xcassets; sourceTree = "<group>"; };
		CB6F3E402CA87A2B005C2ED9 /* ViewController+LoadingPresenting.swift */ = {isa = PBXFileReference; lastKnownFileType = sourcecode.swift; path = "ViewController+LoadingPresenting.swift"; sourceTree = "<group>"; };
		CB6F3E422CA87BF1005C2ED9 /* ViewController+ErrorPresenting.swift */ = {isa = PBXFileReference; lastKnownFileType = sourcecode.swift; path = "ViewController+ErrorPresenting.swift"; sourceTree = "<group>"; };
		CB6F3E442CA87F2B005C2ED9 /* UIImage+Mask.swift */ = {isa = PBXFileReference; lastKnownFileType = sourcecode.swift; path = "UIImage+Mask.swift"; sourceTree = "<group>"; };
		CB6F3E462CA88044005C2ED9 /* MainBarItem.swift */ = {isa = PBXFileReference; lastKnownFileType = sourcecode.swift; path = MainBarItem.swift; sourceTree = "<group>"; };
		CBB20CB92C61501300B35416 /* GoogleService-Info.plist */ = {isa = PBXFileReference; fileEncoding = 4; lastKnownFileType = text.plist.xml; path = "GoogleService-Info.plist"; sourceTree = "<group>"; };
		CBB20CCC2C62139400B35416 /* loading.json */ = {isa = PBXFileReference; fileEncoding = 4; lastKnownFileType = text.json; path = loading.json; sourceTree = "<group>"; };
		CBB20CCE2C6213A000B35416 /* AuthenticationManager.swift */ = {isa = PBXFileReference; fileEncoding = 4; lastKnownFileType = sourcecode.swift; path = AuthenticationManager.swift; sourceTree = "<group>"; };
		CBB20CD02C6213BF00B35416 /* UserApp.swift */ = {isa = PBXFileReference; fileEncoding = 4; lastKnownFileType = sourcecode.swift; path = UserApp.swift; sourceTree = "<group>"; };
		CBB20CD22C62141900B35416 /* LoadingView.swift */ = {isa = PBXFileReference; fileEncoding = 4; lastKnownFileType = sourcecode.swift; path = LoadingView.swift; sourceTree = "<group>"; };
		CBB20CD42C62145000B35416 /* BrowserController.swift */ = {isa = PBXFileReference; fileEncoding = 4; lastKnownFileType = sourcecode.swift; name = BrowserController.swift; path = RadioApp/Authorization/SubVC/ForgotPassword/BrowserController.swift; sourceTree = SOURCE_ROOT; };
		CBB20CE12C626C0000B35416 /* RootRouter.swift */ = {isa = PBXFileReference; lastKnownFileType = sourcecode.swift; path = RootRouter.swift; sourceTree = "<group>"; };
		CBB20CE32C626C4700B35416 /* RootBuilder.swift */ = {isa = PBXFileReference; lastKnownFileType = sourcecode.swift; path = RootBuilder.swift; sourceTree = "<group>"; };
		CBB20CE52C62792800B35416 /* HomeRouter.swift */ = {isa = PBXFileReference; lastKnownFileType = sourcecode.swift; path = HomeRouter.swift; sourceTree = "<group>"; };
		CBB20CE92C627A7100B35416 /* HomeAssembly.swift */ = {isa = PBXFileReference; lastKnownFileType = sourcecode.swift; path = HomeAssembly.swift; sourceTree = "<group>"; };
		CBB20CEB2C627AA200B35416 /* HomePresenter.swift */ = {isa = PBXFileReference; lastKnownFileType = sourcecode.swift; path = HomePresenter.swift; sourceTree = "<group>"; };
		CBB20CED2C627E0B00B35416 /* ProfileAssembly.swift */ = {isa = PBXFileReference; lastKnownFileType = sourcecode.swift; path = ProfileAssembly.swift; sourceTree = "<group>"; };
		CBCA8D762C5D38AB003B01B9 /* OnboardingController.swift */ = {isa = PBXFileReference; fileEncoding = 4; lastKnownFileType = sourcecode.swift; path = OnboardingController.swift; sourceTree = "<group>"; };
		CBCA8D772C5D38AB003B01B9 /* OnboardingRouter.swift */ = {isa = PBXFileReference; fileEncoding = 4; lastKnownFileType = sourcecode.swift; path = OnboardingRouter.swift; sourceTree = "<group>"; };
		CBCA8D782C5D38AB003B01B9 /* OnboardingAssembly.swift */ = {isa = PBXFileReference; fileEncoding = 4; lastKnownFileType = sourcecode.swift; path = OnboardingAssembly.swift; sourceTree = "<group>"; };
		CBCA8D792C5D38AB003B01B9 /* OnboardingPresenter.swift */ = {isa = PBXFileReference; fileEncoding = 4; lastKnownFileType = sourcecode.swift; path = OnboardingPresenter.swift; sourceTree = "<group>"; };
		CBCA8D852C5D3965003B01B9 /* AuthorizationRouter.swift */ = {isa = PBXFileReference; fileEncoding = 4; lastKnownFileType = sourcecode.swift; path = AuthorizationRouter.swift; sourceTree = "<group>"; };
		CBCA8D862C5D3965003B01B9 /* AuthorizationProtocols.swift */ = {isa = PBXFileReference; fileEncoding = 4; lastKnownFileType = sourcecode.swift; path = AuthorizationProtocols.swift; sourceTree = "<group>"; };
		CBCA8D882C5D3965003B01B9 /* AuthorizationPresenter.swift */ = {isa = PBXFileReference; fileEncoding = 4; lastKnownFileType = sourcecode.swift; path = AuthorizationPresenter.swift; sourceTree = "<group>"; };
		CBCA8D892C5D3965003B01B9 /* AuthorizationAssembly.swift */ = {isa = PBXFileReference; fileEncoding = 4; lastKnownFileType = sourcecode.swift; path = AuthorizationAssembly.swift; sourceTree = "<group>"; };
		CBCA8D8A2C5D3965003B01B9 /* AuthorizationBuilder.swift */ = {isa = PBXFileReference; fileEncoding = 4; lastKnownFileType = sourcecode.swift; path = AuthorizationBuilder.swift; sourceTree = "<group>"; };
		CBCA8D8C2C5D3965003B01B9 /* AuthorizationController.swift */ = {isa = PBXFileReference; fileEncoding = 4; lastKnownFileType = sourcecode.swift; path = AuthorizationController.swift; sourceTree = "<group>"; };
		CBCA8D8D2C5D3965003B01B9 /* AuthorizationField.swift */ = {isa = PBXFileReference; fileEncoding = 4; lastKnownFileType = sourcecode.swift; path = AuthorizationField.swift; sourceTree = "<group>"; };
		CBCA8D902C5D3965003B01B9 /* UpdatePasswordController.swift */ = {isa = PBXFileReference; fileEncoding = 4; lastKnownFileType = sourcecode.swift; path = UpdatePasswordController.swift; sourceTree = "<group>"; };
		CBCA8D912C5D3965003B01B9 /* UpdatePasswordPresenter.swift */ = {isa = PBXFileReference; fileEncoding = 4; lastKnownFileType = sourcecode.swift; path = UpdatePasswordPresenter.swift; sourceTree = "<group>"; };
		CBCA8D932C5D3965003B01B9 /* ForgotPasswordController.swift */ = {isa = PBXFileReference; fileEncoding = 4; lastKnownFileType = sourcecode.swift; path = ForgotPasswordController.swift; sourceTree = "<group>"; };
		CBCA8D942C5D3965003B01B9 /* ForgotPasswordPresenter.swift */ = {isa = PBXFileReference; fileEncoding = 4; lastKnownFileType = sourcecode.swift; path = ForgotPasswordPresenter.swift; sourceTree = "<group>"; };
		CBCA8DA02C5D39AD003B01B9 /* UITextField + Extensions.swift */ = {isa = PBXFileReference; fileEncoding = 4; lastKnownFileType = sourcecode.swift; path = "UITextField + Extensions.swift"; sourceTree = "<group>"; };
		CBF57B552C58319D006237E8 /* Builder.swift */ = {isa = PBXFileReference; lastKnownFileType = sourcecode.swift; path = Builder.swift; sourceTree = "<group>"; };
		CBF57B582C5835AC006237E8 /* CollectionCell.swift */ = {isa = PBXFileReference; lastKnownFileType = sourcecode.swift; path = CollectionCell.swift; sourceTree = "<group>"; };
/* End PBXFileReference section */

/* Begin PBXFrameworksBuildPhase section */
		CB2C8C8F2C5698E400D280FE /* Frameworks */ = {
			isa = PBXFrameworksBuildPhase;
			buildActionMask = 2147483647;
			files = (
				CBB20CD82C6216B400B35416 /* GoogleSignIn in Frameworks */,
				CBB20CDD2C62171700B35416 /* Lottie in Frameworks */,
				CBB20CC42C61542A00B35416 /* SnapKit in Frameworks */,
				CBB20CBF2C61540E00B35416 /* FirebaseAuth in Frameworks */,
				11A1C67C2C69765F00C86B91 /* Kingfisher in Frameworks */,
				CBB20CDA2C6216B400B35416 /* GoogleSignInSwift in Frameworks */,
				CBB20CC12C61540E00B35416 /* FirebaseFirestore in Frameworks */,
				CBB20CC72C61566300B35416 /* RadioBrowser in Frameworks */,
			);
			runOnlyForDeploymentPostprocessing = 0;
		};
/* End PBXFrameworksBuildPhase section */

/* Begin PBXGroup section */
		113FE5002C61395C00B2AC8B /* Common */ = {
			isa = PBXGroup;
			children = (
				113FE4FF2C61395C00B2AC8B /* WaveView.swift */,
			);
			name = Common;
			path = RadioApp/Common;
			sourceTree = SOURCE_ROOT;
		};
		113FE5032C61396A00B2AC8B /* Model  */ = {
			isa = PBXGroup;
			children = (
				113FE5022C61396A00B2AC8B /* RadioStation.swift */,
			);
			path = "Model ";
			sourceTree = "<group>";
		};
		113FE5052C61396A00B2AC8B /* Presenter */ = {
			isa = PBXGroup;
			children = (
				113FE5042C61396A00B2AC8B /* StationDetailsPresenter.swift */,
			);
			path = Presenter;
			sourceTree = "<group>";
		};
		113FE5082C61396A00B2AC8B /* View */ = {
			isa = PBXGroup;
			children = (
				113FE5062C61396A00B2AC8B /* EqualizerView.swift */,
				113FE5072C61396A00B2AC8B /* StationDetailsController.swift */,
			);
			path = View;
			sourceTree = "<group>";
		};
		113FE50A2C61396A00B2AC8B /* StationDetails */ = {
			isa = PBXGroup;
			children = (
				113FE5032C61396A00B2AC8B /* Model  */,
				113FE5052C61396A00B2AC8B /* Presenter */,
				113FE5082C61396A00B2AC8B /* View */,
				113FE5092C61396A00B2AC8B /* StationDetailsAssembly .swift */,
			);
			name = StationDetails;
			path = RadioApp/StationDetails;
			sourceTree = SOURCE_ROOT;
		};
		B6E8FDF02C670359008FF38C /* Model */ = {
			isa = PBXGroup;
			children = (
				B6E8FDEF2C670359008FF38C /* AllStationViewModel.swift */,
			);
			path = Model;
			sourceTree = "<group>";
		};
		B6E8FDF32C670359008FF38C /* Views */ = {
			isa = PBXGroup;
			children = (
				B6E8FDF12C670359008FF38C /* AllStationsCell.swift */,
				B6E8FDF22C670359008FF38C /* StationView.swift */,
			);
			path = Views;
			sourceTree = "<group>";
		};
		B6E8FDFA2C670359008FF38C /* AllStations */ = {
			isa = PBXGroup;
			children = (
				B6E8FDF02C670359008FF38C /* Model */,
				B6E8FDF32C670359008FF38C /* Views */,
				B6E8FDF42C670359008FF38C /* AllStationsAssembly.swift */,
				B6E8FDF52C670359008FF38C /* AllStationsController.swift */,
				B6E8FDF62C670359008FF38C /* AllStationsPresenter.swift */,
				B6E8FDF72C670359008FF38C /* AllStationsProtocols.swift */,
				B6E8FDF82C670359008FF38C /* AllStationsRouter.swift */,
				B6E8FDF92C670359008FF38C /* SearchPresenter.swift */,
			);
			path = AllStations;
			sourceTree = "<group>";
		};
		B949AE462C5F805600E2A338 /* Model */ = {
			isa = PBXGroup;
			children = (
				B949AE452C5F805600E2A338 /* FavStationModel.swift */,
			);
			path = Model;
			sourceTree = "<group>";
		};
		B949AE482C5F805600E2A338 /* Presenter */ = {
			isa = PBXGroup;
			children = (
				B949AE472C5F805600E2A338 /* FavoritesPresenter.swift */,
			);
			path = Presenter;
			sourceTree = "<group>";
		};
		B949AE4B2C5F805600E2A338 /* View */ = {
			isa = PBXGroup;
			children = (
				B949AE492C5F805600E2A338 /* FavoriteRadioView.swift */,
				B949AE4A2C5F805600E2A338 /* FavoritesController.swift */,
			);
			path = View;
			sourceTree = "<group>";
		};
		B949AE502C5F805600E2A338 /* Favorites */ = {
			isa = PBXGroup;
			children = (
				B949AE462C5F805600E2A338 /* Model */,
				B949AE482C5F805600E2A338 /* Presenter */,
				B949AE4B2C5F805600E2A338 /* View */,
				B949AE4C2C5F805600E2A338 /* FavoritesAssembly.swift */,
				B949AE4D2C5F805600E2A338 /* FavoritesBuilder.swift */,
				B949AE4E2C5F805600E2A338 /* FavoritesProtocol.swift */,
				B949AE4F2C5F805600E2A338 /* FavoritesRouter.swift */,
			);
			path = Favorites;
			sourceTree = "<group>";
		};
		BECF660C2C58D3930068160D /* Profile */ = {
			isa = PBXGroup;
			children = (
				CBB20CED2C627E0B00B35416 /* ProfileAssembly.swift */,
				BECF66122C58D6C30068160D /* ProfileRouter.swift */,
				BECF66142C58D6FA0068160D /* ProfileBuilder.swift */,
				BECF660D2C58D3C50068160D /* Model */,
				BECF660E2C58D3CC0068160D /* View */,
				BECF660F2C58D3D60068160D /* Presenter */,
				BECF66202C5A05D30068160D /* SubVC */,
			);
			path = Profile;
			sourceTree = "<group>";
		};
		BECF660D2C58D3C50068160D /* Model */ = {
			isa = PBXGroup;
			children = (
				CBB20CD02C6213BF00B35416 /* UserApp.swift */,
			);
			path = Model;
			sourceTree = "<group>";
		};
		BECF660E2C58D3CC0068160D /* View */ = {
			isa = PBXGroup;
			children = (
				BECF66162C58D7410068160D /* ProfileViewController.swift */,
				BECF66182C5A05360068160D /* UserView.swift */,
				BECF661A2C5A055C0068160D /* GeneralView.swift */,
				BECF661C2C5A05750068160D /* CustomSettingsView.swift */,
				BECF666C2C60D1FE0068160D /* CustomSwitchSettingsView.swift */,
			);
			path = View;
			sourceTree = "<group>";
		};
		BECF660F2C58D3D60068160D /* Presenter */ = {
			isa = PBXGroup;
			children = (
				BECF661E2C5A059A0068160D /* ProfilePresenter.swift */,
			);
			path = Presenter;
			sourceTree = "<group>";
		};
		BECF66202C5A05D30068160D /* SubVC */ = {
			isa = PBXGroup;
			children = (
				BECF662A2C5A0CF20068160D /* About */,
				BECF66522C5A35F50068160D /* Language */,
				BECF66462C5A22980068160D /* EditProfile */,
				BECF66212C5A060D0068160D /* PrivacyPolicy */,
			);
			path = SubVC;
			sourceTree = "<group>";
		};
		BECF66212C5A060D0068160D /* PrivacyPolicy */ = {
			isa = PBXGroup;
			children = (
				BECF66222C5A06240068160D /* PrivacyPresenter.swift */,
				BECF66242C5A06470068160D /* PrivacyViewController.swift */,
				BECF66262C5A06670068160D /* PrivacyInfo.swift */,
				BECF66282C5A06810068160D /* PrivacyInfoModel.swift */,
			);
			path = PrivacyPolicy;
			sourceTree = "<group>";
		};
		BECF662A2C5A0CF20068160D /* About */ = {
			isa = PBXGroup;
			children = (
				BECF662B2C5A0D570068160D /* AboutUsViewController.swift */,
				BECF662D2C5A0D7E0068160D /* AboutUsPresenter.swift */,
				BECF662F2C5A0D9A0068160D /* TeamViewCell.swift */,
				BECF66312C5A0DB70068160D /* Team.swift */,
			);
			path = About;
			sourceTree = "<group>";
		};
		BECF66332C5A10810068160D /* Extensions */ = {
			isa = PBXGroup;
			children = (
				BECF66342C5A10AA0068160D /* UIView + Extensions.swift */,
				BECF66432C5A1FBF0068160D /* UILabel + Extensions.swift */,
				BECF663E2C5A1D750068160D /* String + Extensions.swift */,
				CBCA8DA02C5D39AD003B01B9 /* UITextField + Extensions.swift */,
				C623484B2C5E88E700F536E7 /* UIStackView + Extensions.swift */,
				C623484D2C5E899800F536E7 /* UIImageView + Extensions.swift */,
				C6DF00C72C5FAA4B0011EA5D /* UIButton + Extensions.swift */,
				C667FD722C64147300BB3320 /* Int + Extensions.swift */,
				C6908FD92C65584700208F0F /* Notification + Extensions.swift */,
				CB6F3E402CA87A2B005C2ED9 /* ViewController+LoadingPresenting.swift */,
				CB6F3E422CA87BF1005C2ED9 /* ViewController+ErrorPresenting.swift */,
				CB6F3E442CA87F2B005C2ED9 /* UIImage+Mask.swift */,
			);
			path = Extensions;
			sourceTree = "<group>";
		};
		BECF66402C5A1E0E0068160D /* Services */ = {
			isa = PBXGroup;
			children = (
				BECF66412C5A1E300068160D /* UDService.swift */,
				B949AE432C5F804100E2A338 /* StorageManager.swift */,
				CBB20CCE2C6213A000B35416 /* AuthenticationManager.swift */,
				BE9581472C6A2D8800A1D1B7 /* NotificationManager.swift */,
			);
			path = Services;
			sourceTree = "<group>";
		};
		BECF66462C5A22980068160D /* EditProfile */ = {
			isa = PBXGroup;
			children = (
				BECF66472C5A22A70068160D /* EditProfileViewController.swift */,
				BECF66492C5A22C90068160D /* EditProfilePresenter.swift */,
				BECF664B2C5A22EA0068160D /* ImageSelectionViewController.swift */,
			);
			path = EditProfile;
			sourceTree = "<group>";
		};
		BECF66522C5A35F50068160D /* Language */ = {
			isa = PBXGroup;
			children = (
				BECF66532C5A36030068160D /* LanguageViewController.swift */,
				BECF66552C5A361B0068160D /* LanguagePresenter.swift */,
				BECF66572C5A36340068160D /* LanguageCell.swift */,
			);
			path = Language;
			sourceTree = "<group>";
		};
		C62348462C5E883700F536E7 /* Helpers */ = {
			isa = PBXGroup;
			children = (
				BECF66332C5A10810068160D /* Extensions */,
				C62348472C5E88BD00F536E7 /* Constants.swift */,
				C62348492C5E88D100F536E7 /* ColorFactory.swift */,
				C6E944B52C70E8330018E2E9 /* StationFormatter.swift */,
			);
			name = Helpers;
			path = Base/Helpers;
			sourceTree = "<group>";
		};
		C62348512C5E8A4900F536E7 /* Popular */ = {
			isa = PBXGroup;
			children = (
				C62348552C5E8AA900F536E7 /* PopularAssembly.swift */,
				C62348572C5E8ABB00F536E7 /* PopularRouter.swift */,
				C62348522C5E8A8200F536E7 /* Model */,
				C62348542C5E8A9000F536E7 /* View */,
				C62348532C5E8A8800F536E7 /* Presenter */,
			);
			path = Popular;
			sourceTree = "<group>";
		};
		C62348522C5E8A8200F536E7 /* Model */ = {
			isa = PBXGroup;
			children = (
				C62348592C5E8AD300F536E7 /* PopularViewModel.swift */,
			);
			path = Model;
			sourceTree = "<group>";
		};
		C62348532C5E8A8800F536E7 /* Presenter */ = {
			isa = PBXGroup;
			children = (
				C623485B2C5E8AE000F536E7 /* PopularPresenter.swift */,
			);
			path = Presenter;
			sourceTree = "<group>";
		};
		C62348542C5E8A9000F536E7 /* View */ = {
			isa = PBXGroup;
			children = (
				C623485D2C5E8AF400F536E7 /* Controller */,
				C623485E2C5E8AF900F536E7 /* Cells */,
			);
			path = View;
			sourceTree = "<group>";
		};
		C623485D2C5E8AF400F536E7 /* Controller */ = {
			isa = PBXGroup;
			children = (
				C62348602C5E8B1300F536E7 /* PopularView.swift */,
				C62348622C5E8B2100F536E7 /* PopularViewController.swift */,
			);
			path = Controller;
			sourceTree = "<group>";
		};
		C623485E2C5E8AF900F536E7 /* Cells */ = {
			isa = PBXGroup;
			children = (
				C62348642C5E8B2D00F536E7 /* PopularCollectionViewCell.swift */,
			);
			path = Cells;
			sourceTree = "<group>";
		};
		C634B71E2C66B7D500459D1F /* Subviews */ = {
			isa = PBXGroup;
			children = (
				C6DF00C52C5FA62E0011EA5D /* PlayerView.swift */,
				C634B7232C66BF4500459D1F /* VerticalVolumeView.swift */,
				C653B32C2C67E30C0049A922 /* HorizontalVolumeView.swift */,
			);
			path = Subviews;
			sourceTree = "<group>";
		};
		C653B3282C6780C30049A922 /* CustomViews */ = {
			isa = PBXGroup;
			children = (
				C634B7212C66B83600459D1F /* VolumeSlider.swift */,
			);
			path = CustomViews;
			sourceTree = "<group>";
		};
		C653B3292C67810C0049A922 /* Controller */ = {
			isa = PBXGroup;
			children = (
				C653B3262C6770740049A922 /* AudioPlayerView.swift */,
				C68453DF2C62BA4D00C457EA /* AudioPlayerViewController.swift */,
			);
			path = Controller;
			sourceTree = "<group>";
		};
		C66106D42C6021FB00E6196C /* AudioPlayer */ = {
			isa = PBXGroup;
			children = (
				C68453E72C62C60000C457EA /* AudioAssembly.swift */,
				C66106D62C60224E00E6196C /* AudioPlayerController.swift */,
				C667FD6D2C63FC0300BB3320 /* Model */,
				C66106D82C6022D200E6196C /* View */,
				C68453E22C62BBC200C457EA /* Presenter */,
			);
			path = AudioPlayer;
			sourceTree = "<group>";
		};
		C66106D82C6022D200E6196C /* View */ = {
			isa = PBXGroup;
			children = (
				C653B3292C67810C0049A922 /* Controller */,
				C634B71E2C66B7D500459D1F /* Subviews */,
				C653B3282C6780C30049A922 /* CustomViews */,
			);
			path = View;
			sourceTree = "<group>";
		};
		C667FD6D2C63FC0300BB3320 /* Model */ = {
			isa = PBXGroup;
			children = (
				C667FD6E2C63FC1100BB3320 /* PlayerStation.swift */,
			);
			path = Model;
			sourceTree = "<group>";
		};
		C68453E22C62BBC200C457EA /* Presenter */ = {
			isa = PBXGroup;
			children = (
				C68453E32C62BBE000C457EA /* AudioPlayerPresenter.swift */,
			);
			path = Presenter;
			sourceTree = "<group>";
		};
		CB2C8C892C5698E400D280FE = {
			isa = PBXGroup;
			children = (
				CB2C8C942C5698E400D280FE /* RadioApp */,
				CB2C8C932C5698E400D280FE /* Products */,
			);
			sourceTree = "<group>";
		};
		CB2C8C932C5698E400D280FE /* Products */ = {
			isa = PBXGroup;
			children = (
				CB2C8C922C5698E400D280FE /* RadioApp.app */,
			);
			name = Products;
			sourceTree = "<group>";
		};
		CB2C8C942C5698E400D280FE /* RadioApp */ = {
			isa = PBXGroup;
			children = (
				CB2C8C952C5698E400D280FE /* AppDelegate.swift */,
				CB2C8C972C5698E400D280FE /* SceneDelegate.swift */,
				CBCA8DA22C5D3A36003B01B9 /* Onboarding */,
				CBCA8D842C5D3965003B01B9 /* Authorization */,
				CB2C8CC12C57BC4200D280FE /* Home */,
				B949AE502C5F805600E2A338 /* Favorites */,
				C62348512C5E8A4900F536E7 /* Popular */,
				B6E8FDFA2C670359008FF38C /* AllStations */,
				BECF660C2C58D3930068160D /* Profile */,
				113FE50A2C61396A00B2AC8B /* StationDetails */,
				113FE5002C61395C00B2AC8B /* Common */,
				CB2C8CB12C5767E500D280FE /* Base */,
				C62348462C5E883700F536E7 /* Helpers */,
				BECF66402C5A1E0E0068160D /* Services */,
				CBB20CCB2C62139400B35416 /* Lottie */,
				C66106D42C6021FB00E6196C /* AudioPlayer */,
				CB2C8C9E2C5698E400D280FE /* RadioApp.xcdatamodeld */,
				CB2C8CA32C5698E600D280FE /* LaunchScreen.storyboard */,
				BECF66672C5D22240068160D /* Localizable.strings */,
				CB2C8CC72C57C8AB00D280FE /* Assets.xcassets */,
				CB2C8CA62C5698E600D280FE /* Info.plist */,
				CBB20CB92C61501300B35416 /* GoogleService-Info.plist */,
			);
			path = RadioApp;
			sourceTree = "<group>";
		};
		CB2C8CB12C5767E500D280FE /* Base */ = {
			isa = PBXGroup;
			children = (
				CB2C8CAF2C5767DF00D280FE /* Router.swift */,
				CBF57B552C58319D006237E8 /* Builder.swift */,
				CBB20CE12C626C0000B35416 /* RootRouter.swift */,
				CBB20CE32C626C4700B35416 /* RootBuilder.swift */,
				CB2C8CB22C5768CB00D280FE /* NavigationController.swift */,
				CB2C8CB42C576A5C00D280FE /* ViewController.swift */,
				CB2C8CB82C57AAEA00D280FE /* Protocols */,
				CBF57B572C58359D006237E8 /* Views */,
			);
			path = Base;
			sourceTree = "<group>";
		};
		CB2C8CB82C57AAEA00D280FE /* Protocols */ = {
			isa = PBXGroup;
			children = (
				CB2C8CB62C57AACC00D280FE /* ModuleAssembly.swift */,
				CB2C8CB92C57AB5800D280FE /* Configurable.swift */,
				CB28CF5D2C63CCED00E55A95 /* LoadingPresenting.swift */,
				CB28CF5F2C63CD0E00E55A95 /* ErrorPresenting.swift */,
			);
			path = Protocols;
			sourceTree = "<group>";
		};
		CB2C8CC12C57BC4200D280FE /* Home */ = {
			isa = PBXGroup;
			children = (
				CBB20CE92C627A7100B35416 /* HomeAssembly.swift */,
				CB2C8CBF2C57B1A000D280FE /* HomeController.swift */,
				CBB20CEB2C627AA200B35416 /* HomePresenter.swift */,
				CBB20CE52C62792800B35416 /* HomeRouter.swift */,
			);
			path = Home;
			sourceTree = "<group>";
		};
		CBB20CCB2C62139400B35416 /* Lottie */ = {
			isa = PBXGroup;
			children = (
				CBB20CCC2C62139400B35416 /* loading.json */,
				CB28CF632C63D6F800E55A95 /* error.json */,
				CB148A2E2C68BEFF008BF50C /* wave.json */,
			);
			path = Lottie;
			sourceTree = "<group>";
		};
		CBCA8D842C5D3965003B01B9 /* Authorization */ = {
			isa = PBXGroup;
			children = (
				CBCA8D892C5D3965003B01B9 /* AuthorizationAssembly.swift */,
				CBCA8D862C5D3965003B01B9 /* AuthorizationProtocols.swift */,
				CBCA8D8A2C5D3965003B01B9 /* AuthorizationBuilder.swift */,
				CBCA8D852C5D3965003B01B9 /* AuthorizationRouter.swift */,
				CBCA8D8B2C5D3965003B01B9 /* View */,
				CBCA8D872C5D3965003B01B9 /* Presenter */,
				CBCA8D8E2C5D3965003B01B9 /* SubVC */,
			);
			path = Authorization;
			sourceTree = "<group>";
		};
		CBCA8D872C5D3965003B01B9 /* Presenter */ = {
			isa = PBXGroup;
			children = (
				CBCA8D882C5D3965003B01B9 /* AuthorizationPresenter.swift */,
			);
			path = Presenter;
			sourceTree = "<group>";
		};
		CBCA8D8B2C5D3965003B01B9 /* View */ = {
			isa = PBXGroup;
			children = (
				CBCA8D8C2C5D3965003B01B9 /* AuthorizationController.swift */,
				CBCA8D8D2C5D3965003B01B9 /* AuthorizationField.swift */,
			);
			path = View;
			sourceTree = "<group>";
		};
		CBCA8D8E2C5D3965003B01B9 /* SubVC */ = {
			isa = PBXGroup;
			children = (
				CBCA8D8F2C5D3965003B01B9 /* UpdatePassword */,
				CBCA8D922C5D3965003B01B9 /* ForgotPassword */,
			);
			path = SubVC;
			sourceTree = "<group>";
		};
		CBCA8D8F2C5D3965003B01B9 /* UpdatePassword */ = {
			isa = PBXGroup;
			children = (
				CBCA8D902C5D3965003B01B9 /* UpdatePasswordController.swift */,
				CBCA8D912C5D3965003B01B9 /* UpdatePasswordPresenter.swift */,
			);
			path = UpdatePassword;
			sourceTree = "<group>";
		};
		CBCA8D922C5D3965003B01B9 /* ForgotPassword */ = {
			isa = PBXGroup;
			children = (
				CBCA8D932C5D3965003B01B9 /* ForgotPasswordController.swift */,
				CBCA8D942C5D3965003B01B9 /* ForgotPasswordPresenter.swift */,
				CBB20CD42C62145000B35416 /* BrowserController.swift */,
			);
			path = ForgotPassword;
			sourceTree = "<group>";
		};
		CBCA8DA22C5D3A36003B01B9 /* Onboarding */ = {
			isa = PBXGroup;
			children = (
				CBCA8D782C5D38AB003B01B9 /* OnboardingAssembly.swift */,
				CBCA8D762C5D38AB003B01B9 /* OnboardingController.swift */,
				CBCA8D792C5D38AB003B01B9 /* OnboardingPresenter.swift */,
				CBCA8D772C5D38AB003B01B9 /* OnboardingRouter.swift */,
			);
			path = Onboarding;
			sourceTree = "<group>";
		};
		CBF57B572C58359D006237E8 /* Views */ = {
			isa = PBXGroup;
			children = (
				B949AE592C5F808600E2A338 /* TableCell.swift */,
				CBF57B582C5835AC006237E8 /* CollectionCell.swift */,
				CBB20CD22C62141900B35416 /* LoadingView.swift */,
				CB28CF612C63CD9C00E55A95 /* ErrorView.swift */,
				CB6F3E462CA88044005C2ED9 /* MainBarItem.swift */,
			);
			path = Views;
			sourceTree = "<group>";
		};
/* End PBXGroup section */

/* Begin PBXNativeTarget section */
		CB2C8C912C5698E400D280FE /* RadioApp */ = {
			isa = PBXNativeTarget;
			buildConfigurationList = CB2C8CA92C5698E600D280FE /* Build configuration list for PBXNativeTarget "RadioApp" */;
			buildPhases = (
				CB2C8C8E2C5698E400D280FE /* Sources */,
				CB2C8C8F2C5698E400D280FE /* Frameworks */,
				CB2C8C902C5698E400D280FE /* Resources */,
			);
			buildRules = (
			);
			dependencies = (
			);
			name = RadioApp;
			packageProductDependencies = (
				CBB20CBE2C61540E00B35416 /* FirebaseAuth */,
				CBB20CC02C61540E00B35416 /* FirebaseFirestore */,
				CBB20CC32C61542A00B35416 /* SnapKit */,
				CBB20CC62C61566300B35416 /* RadioBrowser */,
				CBB20CD72C6216B400B35416 /* GoogleSignIn */,
				CBB20CD92C6216B400B35416 /* GoogleSignInSwift */,
				CBB20CDC2C62171700B35416 /* Lottie */,
				11A1C67B2C69765F00C86B91 /* Kingfisher */,
			);
			productName = RadioApp;
			productReference = CB2C8C922C5698E400D280FE /* RadioApp.app */;
			productType = "com.apple.product-type.application";
		};
/* End PBXNativeTarget section */

/* Begin PBXProject section */
		CB2C8C8A2C5698E400D280FE /* Project object */ = {
			isa = PBXProject;
			attributes = {
				BuildIndependentTargetsInParallel = 1;
				LastSwiftUpdateCheck = 1500;
				LastUpgradeCheck = 1500;
				TargetAttributes = {
					CB2C8C912C5698E400D280FE = {
						CreatedOnToolsVersion = 15.0;
					};
				};
			};
			buildConfigurationList = CB2C8C8D2C5698E400D280FE /* Build configuration list for PBXProject "RadioApp" */;
			compatibilityVersion = "Xcode 14.0";
			developmentRegion = en;
			hasScannedForEncodings = 0;
			knownRegions = (
				en,
				Base,
				ru,
			);
			mainGroup = CB2C8C892C5698E400D280FE;
			packageReferences = (
				CBB20CBD2C61540E00B35416 /* XCRemoteSwiftPackageReference "firebase-ios-sdk" */,
				CBB20CC22C61542A00B35416 /* XCRemoteSwiftPackageReference "SnapKit" */,
				CBB20CC52C61566300B35416 /* XCRemoteSwiftPackageReference "RadioBrowser" */,
				CBB20CD62C6216B400B35416 /* XCRemoteSwiftPackageReference "GoogleSignIn-iOS" */,
				CBB20CDB2C62171700B35416 /* XCRemoteSwiftPackageReference "lottie-spm" */,
				11A1C67A2C69765F00C86B91 /* XCRemoteSwiftPackageReference "Kingfisher" */,
			);
			productRefGroup = CB2C8C932C5698E400D280FE /* Products */;
			projectDirPath = "";
			projectRoot = "";
			targets = (
				CB2C8C912C5698E400D280FE /* RadioApp */,
			);
		};
/* End PBXProject section */

/* Begin PBXResourcesBuildPhase section */
		CB2C8C902C5698E400D280FE /* Resources */ = {
			isa = PBXResourcesBuildPhase;
			buildActionMask = 2147483647;
			files = (
				BECF66652C5D22240068160D /* Localizable.strings in Resources */,
				CBB20CBA2C61501300B35416 /* GoogleService-Info.plist in Resources */,
				CB2C8CC82C57C8AB00D280FE /* Assets.xcassets in Resources */,
				CB28CF642C63D6F800E55A95 /* error.json in Resources */,
				CB148A2F2C68BEFF008BF50C /* wave.json in Resources */,
				CB2C8CA52C5698E600D280FE /* LaunchScreen.storyboard in Resources */,
				CBB20CCD2C62139500B35416 /* loading.json in Resources */,
			);
			runOnlyForDeploymentPostprocessing = 0;
		};
/* End PBXResourcesBuildPhase section */

/* Begin PBXSourcesBuildPhase section */
		CB2C8C8E2C5698E400D280FE /* Sources */ = {
			isa = PBXSourcesBuildPhase;
			buildActionMask = 2147483647;
			files = (
				C6E944B62C70E8330018E2E9 /* StationFormatter.swift in Sources */,
				C623485A2C5E8AD300F536E7 /* PopularViewModel.swift in Sources */,
				C623484A2C5E88D100F536E7 /* ColorFactory.swift in Sources */,
				B6E8FE032C670359008FF38C /* SearchPresenter.swift in Sources */,
				C6908FDA2C65584700208F0F /* Notification + Extensions.swift in Sources */,
				C66106D72C60224E00E6196C /* AudioPlayerController.swift in Sources */,
				CBCA8D992C5D3965003B01B9 /* AuthorizationBuilder.swift in Sources */,
				CB28CF622C63CD9C00E55A95 /* ErrorView.swift in Sources */,
				C6DF00C82C5FAA4B0011EA5D /* UIButton + Extensions.swift in Sources */,
				CB2C8CB32C5768CB00D280FE /* NavigationController.swift in Sources */,
				CBCA8D7A2C5D38AB003B01B9 /* OnboardingController.swift in Sources */,
				CBB20CE42C626C4700B35416 /* RootBuilder.swift in Sources */,
				BECF66442C5A1FBF0068160D /* UILabel + Extensions.swift in Sources */,
				B6E8FE002C670359008FF38C /* AllStationsPresenter.swift in Sources */,
				B6E8FDFD2C670359008FF38C /* StationView.swift in Sources */,
				BECF666D2C60D1FE0068160D /* CustomSwitchSettingsView.swift in Sources */,
				BECF66152C58D6FA0068160D /* ProfileBuilder.swift in Sources */,
				CBCA8D7C2C5D38AB003B01B9 /* OnboardingAssembly.swift in Sources */,
				C653B32D2C67E30C0049A922 /* HorizontalVolumeView.swift in Sources */,
				BE9581482C6A2D8800A1D1B7 /* NotificationManager.swift in Sources */,
				B949AE552C5F805600E2A338 /* FavoritesAssembly.swift in Sources */,
				CBCA8D7D2C5D38AB003B01B9 /* OnboardingPresenter.swift in Sources */,
				CB2C8CA02C5698E400D280FE /* RadioApp.xcdatamodeld in Sources */,
				CBCA8D9F2C5D3965003B01B9 /* ForgotPasswordPresenter.swift in Sources */,
				BECF663F2C5A1D750068160D /* String + Extensions.swift in Sources */,
				B949AE562C5F805600E2A338 /* FavoritesBuilder.swift in Sources */,
				BECF66422C5A1E300068160D /* UDService.swift in Sources */,
				B6E8FDFB2C670359008FF38C /* AllStationViewModel.swift in Sources */,
				BECF66482C5A22A70068160D /* EditProfileViewController.swift in Sources */,
				B949AE582C5F805600E2A338 /* FavoritesRouter.swift in Sources */,
				BECF66252C5A06470068160D /* PrivacyViewController.swift in Sources */,
				BECF661D2C5A05750068160D /* CustomSettingsView.swift in Sources */,
				CB2C8CB02C5767DF00D280FE /* Router.swift in Sources */,
				113FE50C2C61396B00B2AC8B /* StationDetailsPresenter.swift in Sources */,
				BECF66132C58D6C30068160D /* ProfileRouter.swift in Sources */,
				C667FD732C64147300BB3320 /* Int + Extensions.swift in Sources */,
				CBCA8D7B2C5D38AB003B01B9 /* OnboardingRouter.swift in Sources */,
				C62348482C5E88BD00F536E7 /* Constants.swift in Sources */,
				CB2C8CB52C576A5C00D280FE /* ViewController.swift in Sources */,
				B949AE532C5F805600E2A338 /* FavoriteRadioView.swift in Sources */,
				BECF66292C5A06810068160D /* PrivacyInfoModel.swift in Sources */,
				B949AE572C5F805600E2A338 /* FavoritesProtocol.swift in Sources */,
				C623485C2C5E8AE000F536E7 /* PopularPresenter.swift in Sources */,
				CBCA8D962C5D3965003B01B9 /* AuthorizationProtocols.swift in Sources */,
				B949AE5A2C5F808600E2A338 /* TableCell.swift in Sources */,
				CBCA8D952C5D3965003B01B9 /* AuthorizationRouter.swift in Sources */,
				B949AE522C5F805600E2A338 /* FavoritesPresenter.swift in Sources */,
				C634B7222C66B83600459D1F /* VolumeSlider.swift in Sources */,
				CB2C8CB72C57AACC00D280FE /* ModuleAssembly.swift in Sources */,
				CBCA8D9B2C5D3965003B01B9 /* AuthorizationField.swift in Sources */,
				BECF664C2C5A22EA0068160D /* ImageSelectionViewController.swift in Sources */,
				B949AE542C5F805600E2A338 /* FavoritesController.swift in Sources */,
				BECF66542C5A36030068160D /* LanguageViewController.swift in Sources */,
				CB2C8CBA2C57AB5800D280FE /* Configurable.swift in Sources */,
				CBB20CEA2C627A7100B35416 /* HomeAssembly.swift in Sources */,
				CBB20CD12C6213BF00B35416 /* UserApp.swift in Sources */,
				C62348632C5E8B2100F536E7 /* PopularViewController.swift in Sources */,
				B6E8FE022C670359008FF38C /* AllStationsRouter.swift in Sources */,
				CB2C8C962C5698E400D280FE /* AppDelegate.swift in Sources */,
				CBB20CE62C62792800B35416 /* HomeRouter.swift in Sources */,
				113FE50B2C61396B00B2AC8B /* RadioStation.swift in Sources */,
				C634B7242C66BF4500459D1F /* VerticalVolumeView.swift in Sources */,
				CB2C8CC02C57B1A000D280FE /* HomeController.swift in Sources */,
				CBB20CEE2C627E0B00B35416 /* ProfileAssembly.swift in Sources */,
				BECF66172C58D7410068160D /* ProfileViewController.swift in Sources */,
				CBF57B562C58319D006237E8 /* Builder.swift in Sources */,
				CB6F3E472CA88044005C2ED9 /* MainBarItem.swift in Sources */,
				113FE50F2C61396B00B2AC8B /* StationDetailsAssembly .swift in Sources */,
				C68453E42C62BBE000C457EA /* AudioPlayerPresenter.swift in Sources */,
				B6E8FE012C670359008FF38C /* AllStationsProtocols.swift in Sources */,
				BECF661B2C5A055C0068160D /* GeneralView.swift in Sources */,
				BECF662E2C5A0D7E0068160D /* AboutUsPresenter.swift in Sources */,
				CBCA8D972C5D3965003B01B9 /* AuthorizationPresenter.swift in Sources */,
				CB28CF602C63CD0E00E55A95 /* ErrorPresenting.swift in Sources */,
				113FE50D2C61396B00B2AC8B /* EqualizerView.swift in Sources */,
				BECF66322C5A0DB70068160D /* Team.swift in Sources */,
				BECF66352C5A10AA0068160D /* UIView + Extensions.swift in Sources */,
				CBB20CD32C62141900B35416 /* LoadingView.swift in Sources */,
				BECF66582C5A36340068160D /* LanguageCell.swift in Sources */,
				B6E8FDFC2C670359008FF38C /* AllStationsCell.swift in Sources */,
				B949AE442C5F804100E2A338 /* StorageManager.swift in Sources */,
				CB2C8C982C5698E400D280FE /* SceneDelegate.swift in Sources */,
				BECF66272C5A06670068160D /* PrivacyInfo.swift in Sources */,
				C623484E2C5E899800F536E7 /* UIImageView + Extensions.swift in Sources */,
				BECF662C2C5A0D570068160D /* AboutUsViewController.swift in Sources */,
				CB6F3E432CA87BF1005C2ED9 /* ViewController+ErrorPresenting.swift in Sources */,
				B6E8FDFF2C670359008FF38C /* AllStationsController.swift in Sources */,
				CBCA8D9C2C5D3965003B01B9 /* UpdatePasswordController.swift in Sources */,
				BECF66192C5A05360068160D /* UserView.swift in Sources */,
				C62348612C5E8B1300F536E7 /* PopularView.swift in Sources */,
				CBB20CE22C626C0000B35416 /* RootRouter.swift in Sources */,
				C623484C2C5E88E700F536E7 /* UIStackView + Extensions.swift in Sources */,
				CBCA8D982C5D3965003B01B9 /* AuthorizationAssembly.swift in Sources */,
				C6DF00C62C5FA62E0011EA5D /* PlayerView.swift in Sources */,
				BECF66232C5A06240068160D /* PrivacyPresenter.swift in Sources */,
				BECF661F2C5A059A0068160D /* ProfilePresenter.swift in Sources */,
				113FE5012C61395C00B2AC8B /* WaveView.swift in Sources */,
				BECF66302C5A0D9A0068160D /* TeamViewCell.swift in Sources */,
				C68453E82C62C60000C457EA /* AudioAssembly.swift in Sources */,
				C68453E02C62BA4D00C457EA /* AudioPlayerViewController.swift in Sources */,
				CBCA8D9D2C5D3965003B01B9 /* UpdatePasswordPresenter.swift in Sources */,
				CB28CF5E2C63CCED00E55A95 /* LoadingPresenting.swift in Sources */,
				CB6F3E452CA87F2B005C2ED9 /* UIImage+Mask.swift in Sources */,
				CBCA8D9A2C5D3965003B01B9 /* AuthorizationController.swift in Sources */,
				C667FD6F2C63FC1100BB3320 /* PlayerStation.swift in Sources */,
				CBB20CEC2C627AA200B35416 /* HomePresenter.swift in Sources */,
				CB6F3E412CA87A2B005C2ED9 /* ViewController+LoadingPresenting.swift in Sources */,
				B949AE512C5F805600E2A338 /* FavStationModel.swift in Sources */,
				113FE50E2C61396B00B2AC8B /* StationDetailsController.swift in Sources */,
				CBCA8D9E2C5D3965003B01B9 /* ForgotPasswordController.swift in Sources */,
				C62348652C5E8B2D00F536E7 /* PopularCollectionViewCell.swift in Sources */,
				BECF66562C5A361B0068160D /* LanguagePresenter.swift in Sources */,
				B6E8FDFE2C670359008FF38C /* AllStationsAssembly.swift in Sources */,
				CBB20CCF2C6213A000B35416 /* AuthenticationManager.swift in Sources */,
				C62348582C5E8ABB00F536E7 /* PopularRouter.swift in Sources */,
				CBCA8DA12C5D39AD003B01B9 /* UITextField + Extensions.swift in Sources */,
				C653B3272C6770740049A922 /* AudioPlayerView.swift in Sources */,
				CBF57B592C5835AC006237E8 /* CollectionCell.swift in Sources */,
				BECF664A2C5A22C90068160D /* EditProfilePresenter.swift in Sources */,
				C62348562C5E8AA900F536E7 /* PopularAssembly.swift in Sources */,
				CBB20CD52C62145000B35416 /* BrowserController.swift in Sources */,
			);
			runOnlyForDeploymentPostprocessing = 0;
		};
/* End PBXSourcesBuildPhase section */

/* Begin PBXVariantGroup section */
		BECF66672C5D22240068160D /* Localizable.strings */ = {
			isa = PBXVariantGroup;
			children = (
				BECF66662C5D22240068160D /* en */,
				BECF666B2C5D22F20068160D /* ru */,
			);
			name = Localizable.strings;
			sourceTree = "<group>";
		};
		CB2C8CA32C5698E600D280FE /* LaunchScreen.storyboard */ = {
			isa = PBXVariantGroup;
			children = (
				CB2C8CA42C5698E600D280FE /* Base */,
				BECF666A2C5D22DC0068160D /* ru */,
			);
			name = LaunchScreen.storyboard;
			sourceTree = "<group>";
		};
/* End PBXVariantGroup section */

/* Begin XCBuildConfiguration section */
		CB2C8CA72C5698E600D280FE /* Debug */ = {
			isa = XCBuildConfiguration;
			buildSettings = {
				ALWAYS_SEARCH_USER_PATHS = NO;
				ASSETCATALOG_COMPILER_GENERATE_SWIFT_ASSET_SYMBOL_EXTENSIONS = YES;
				CLANG_ANALYZER_LOCALIZABILITY_NONLOCALIZED = YES;
				CLANG_ANALYZER_NONNULL = YES;
				CLANG_ANALYZER_NUMBER_OBJECT_CONVERSION = YES_AGGRESSIVE;
				CLANG_CXX_LANGUAGE_STANDARD = "gnu++20";
				CLANG_ENABLE_MODULES = YES;
				CLANG_ENABLE_OBJC_ARC = YES;
				CLANG_ENABLE_OBJC_WEAK = YES;
				CLANG_WARN_BLOCK_CAPTURE_AUTORELEASING = YES;
				CLANG_WARN_BOOL_CONVERSION = YES;
				CLANG_WARN_COMMA = YES;
				CLANG_WARN_CONSTANT_CONVERSION = YES;
				CLANG_WARN_DEPRECATED_OBJC_IMPLEMENTATIONS = YES;
				CLANG_WARN_DIRECT_OBJC_ISA_USAGE = YES_ERROR;
				CLANG_WARN_DOCUMENTATION_COMMENTS = YES;
				CLANG_WARN_EMPTY_BODY = YES;
				CLANG_WARN_ENUM_CONVERSION = YES;
				CLANG_WARN_INFINITE_RECURSION = YES;
				CLANG_WARN_INT_CONVERSION = YES;
				CLANG_WARN_NON_LITERAL_NULL_CONVERSION = YES;
				CLANG_WARN_OBJC_IMPLICIT_RETAIN_SELF = YES;
				CLANG_WARN_OBJC_LITERAL_CONVERSION = YES;
				CLANG_WARN_OBJC_ROOT_CLASS = YES_ERROR;
				CLANG_WARN_QUOTED_INCLUDE_IN_FRAMEWORK_HEADER = YES;
				CLANG_WARN_RANGE_LOOP_ANALYSIS = YES;
				CLANG_WARN_STRICT_PROTOTYPES = YES;
				CLANG_WARN_SUSPICIOUS_MOVE = YES;
				CLANG_WARN_UNGUARDED_AVAILABILITY = YES_AGGRESSIVE;
				CLANG_WARN_UNREACHABLE_CODE = YES;
				CLANG_WARN__DUPLICATE_METHOD_MATCH = YES;
				COPY_PHASE_STRIP = NO;
				DEBUG_INFORMATION_FORMAT = dwarf;
				ENABLE_STRICT_OBJC_MSGSEND = YES;
				ENABLE_TESTABILITY = YES;
				ENABLE_USER_SCRIPT_SANDBOXING = YES;
				GCC_C_LANGUAGE_STANDARD = gnu17;
				GCC_DYNAMIC_NO_PIC = NO;
				GCC_NO_COMMON_BLOCKS = YES;
				GCC_OPTIMIZATION_LEVEL = 0;
				GCC_PREPROCESSOR_DEFINITIONS = (
					"DEBUG=1",
					"$(inherited)",
				);
				GCC_WARN_64_TO_32_BIT_CONVERSION = YES;
				GCC_WARN_ABOUT_RETURN_TYPE = YES_ERROR;
				GCC_WARN_UNDECLARED_SELECTOR = YES;
				GCC_WARN_UNINITIALIZED_AUTOS = YES_AGGRESSIVE;
				GCC_WARN_UNUSED_FUNCTION = YES;
				GCC_WARN_UNUSED_VARIABLE = YES;
				IPHONEOS_DEPLOYMENT_TARGET = 17.0;
				LOCALIZATION_PREFERS_STRING_CATALOGS = YES;
				MTL_ENABLE_DEBUG_INFO = INCLUDE_SOURCE;
				MTL_FAST_MATH = YES;
				ONLY_ACTIVE_ARCH = YES;
				SDKROOT = iphoneos;
				SWIFT_ACTIVE_COMPILATION_CONDITIONS = "DEBUG $(inherited)";
				SWIFT_OPTIMIZATION_LEVEL = "-Onone";
			};
			name = Debug;
		};
		CB2C8CA82C5698E600D280FE /* Release */ = {
			isa = XCBuildConfiguration;
			buildSettings = {
				ALWAYS_SEARCH_USER_PATHS = NO;
				ASSETCATALOG_COMPILER_GENERATE_SWIFT_ASSET_SYMBOL_EXTENSIONS = YES;
				CLANG_ANALYZER_LOCALIZABILITY_NONLOCALIZED = YES;
				CLANG_ANALYZER_NONNULL = YES;
				CLANG_ANALYZER_NUMBER_OBJECT_CONVERSION = YES_AGGRESSIVE;
				CLANG_CXX_LANGUAGE_STANDARD = "gnu++20";
				CLANG_ENABLE_MODULES = YES;
				CLANG_ENABLE_OBJC_ARC = YES;
				CLANG_ENABLE_OBJC_WEAK = YES;
				CLANG_WARN_BLOCK_CAPTURE_AUTORELEASING = YES;
				CLANG_WARN_BOOL_CONVERSION = YES;
				CLANG_WARN_COMMA = YES;
				CLANG_WARN_CONSTANT_CONVERSION = YES;
				CLANG_WARN_DEPRECATED_OBJC_IMPLEMENTATIONS = YES;
				CLANG_WARN_DIRECT_OBJC_ISA_USAGE = YES_ERROR;
				CLANG_WARN_DOCUMENTATION_COMMENTS = YES;
				CLANG_WARN_EMPTY_BODY = YES;
				CLANG_WARN_ENUM_CONVERSION = YES;
				CLANG_WARN_INFINITE_RECURSION = YES;
				CLANG_WARN_INT_CONVERSION = YES;
				CLANG_WARN_NON_LITERAL_NULL_CONVERSION = YES;
				CLANG_WARN_OBJC_IMPLICIT_RETAIN_SELF = YES;
				CLANG_WARN_OBJC_LITERAL_CONVERSION = YES;
				CLANG_WARN_OBJC_ROOT_CLASS = YES_ERROR;
				CLANG_WARN_QUOTED_INCLUDE_IN_FRAMEWORK_HEADER = YES;
				CLANG_WARN_RANGE_LOOP_ANALYSIS = YES;
				CLANG_WARN_STRICT_PROTOTYPES = YES;
				CLANG_WARN_SUSPICIOUS_MOVE = YES;
				CLANG_WARN_UNGUARDED_AVAILABILITY = YES_AGGRESSIVE;
				CLANG_WARN_UNREACHABLE_CODE = YES;
				CLANG_WARN__DUPLICATE_METHOD_MATCH = YES;
				COPY_PHASE_STRIP = NO;
				DEBUG_INFORMATION_FORMAT = "dwarf-with-dsym";
				ENABLE_NS_ASSERTIONS = NO;
				ENABLE_STRICT_OBJC_MSGSEND = YES;
				ENABLE_USER_SCRIPT_SANDBOXING = YES;
				GCC_C_LANGUAGE_STANDARD = gnu17;
				GCC_NO_COMMON_BLOCKS = YES;
				GCC_WARN_64_TO_32_BIT_CONVERSION = YES;
				GCC_WARN_ABOUT_RETURN_TYPE = YES_ERROR;
				GCC_WARN_UNDECLARED_SELECTOR = YES;
				GCC_WARN_UNINITIALIZED_AUTOS = YES_AGGRESSIVE;
				GCC_WARN_UNUSED_FUNCTION = YES;
				GCC_WARN_UNUSED_VARIABLE = YES;
				IPHONEOS_DEPLOYMENT_TARGET = 17.0;
				LOCALIZATION_PREFERS_STRING_CATALOGS = YES;
				MTL_ENABLE_DEBUG_INFO = NO;
				MTL_FAST_MATH = YES;
				SDKROOT = iphoneos;
				SWIFT_COMPILATION_MODE = wholemodule;
				VALIDATE_PRODUCT = YES;
			};
			name = Release;
		};
		CB2C8CAA2C5698E600D280FE /* Debug */ = {
			isa = XCBuildConfiguration;
			buildSettings = {
				ASSETCATALOG_COMPILER_APPICON_NAME = AppIcon;
				ASSETCATALOG_COMPILER_GLOBAL_ACCENT_COLOR_NAME = AccentColor;
				CODE_SIGN_STYLE = Automatic;
				CURRENT_PROJECT_VERSION = 1;
				DEVELOPMENT_TEAM = 69M929ZQ47;
				GENERATE_INFOPLIST_FILE = YES;
				INFOPLIST_FILE = RadioApp/Info.plist;
				INFOPLIST_KEY_UIApplicationSupportsIndirectInputEvents = YES;
				INFOPLIST_KEY_UILaunchStoryboardName = LaunchScreen;
				INFOPLIST_KEY_UISupportedInterfaceOrientations = UIInterfaceOrientationPortrait;
				INFOPLIST_KEY_UISupportedInterfaceOrientations_iPad = "UIInterfaceOrientationLandscapeLeft UIInterfaceOrientationLandscapeRight UIInterfaceOrientationPortrait UIInterfaceOrientationPortraitUpsideDown";
				IPHONEOS_DEPLOYMENT_TARGET = 15.0;
				LD_RUNPATH_SEARCH_PATHS = (
					"$(inherited)",
					"@executable_path/Frameworks",
				);
				MARKETING_VERSION = 1.0;
				PRODUCT_BUNDLE_IDENTIFIER = com.MariaNesterova.RadioApp;
				PRODUCT_NAME = "$(TARGET_NAME)";
				SUPPORTED_PLATFORMS = "iphoneos iphonesimulator";
				SUPPORTS_MACCATALYST = NO;
				SUPPORTS_MAC_DESIGNED_FOR_IPHONE_IPAD = NO;
				SWIFT_EMIT_LOC_STRINGS = YES;
				SWIFT_VERSION = 5.0;
				TARGETED_DEVICE_FAMILY = 1;
			};
			name = Debug;
		};
		CB2C8CAB2C5698E600D280FE /* Release */ = {
			isa = XCBuildConfiguration;
			buildSettings = {
				ASSETCATALOG_COMPILER_APPICON_NAME = AppIcon;
				ASSETCATALOG_COMPILER_GLOBAL_ACCENT_COLOR_NAME = AccentColor;
				CODE_SIGN_STYLE = Automatic;
				CURRENT_PROJECT_VERSION = 1;
				DEVELOPMENT_TEAM = "";
				GENERATE_INFOPLIST_FILE = YES;
				INFOPLIST_FILE = RadioApp/Info.plist;
				INFOPLIST_KEY_UIApplicationSupportsIndirectInputEvents = YES;
				INFOPLIST_KEY_UILaunchStoryboardName = LaunchScreen;
				INFOPLIST_KEY_UISupportedInterfaceOrientations = UIInterfaceOrientationPortrait;
				INFOPLIST_KEY_UISupportedInterfaceOrientations_iPad = "UIInterfaceOrientationLandscapeLeft UIInterfaceOrientationLandscapeRight UIInterfaceOrientationPortrait UIInterfaceOrientationPortraitUpsideDown";
				IPHONEOS_DEPLOYMENT_TARGET = 15.0;
				LD_RUNPATH_SEARCH_PATHS = (
					"$(inherited)",
					"@executable_path/Frameworks",
				);
				MARKETING_VERSION = 1.0;
				PRODUCT_BUNDLE_IDENTIFIER = com.MariaNesterova.RadioApp;
				PRODUCT_NAME = "$(TARGET_NAME)";
				SUPPORTED_PLATFORMS = "iphoneos iphonesimulator";
				SUPPORTS_MACCATALYST = NO;
				SUPPORTS_MAC_DESIGNED_FOR_IPHONE_IPAD = NO;
				SWIFT_EMIT_LOC_STRINGS = YES;
				SWIFT_VERSION = 5.0;
				TARGETED_DEVICE_FAMILY = 1;
			};
			name = Release;
		};
/* End XCBuildConfiguration section */

/* Begin XCConfigurationList section */
		CB2C8C8D2C5698E400D280FE /* Build configuration list for PBXProject "RadioApp" */ = {
			isa = XCConfigurationList;
			buildConfigurations = (
				CB2C8CA72C5698E600D280FE /* Debug */,
				CB2C8CA82C5698E600D280FE /* Release */,
			);
			defaultConfigurationIsVisible = 0;
			defaultConfigurationName = Release;
		};
		CB2C8CA92C5698E600D280FE /* Build configuration list for PBXNativeTarget "RadioApp" */ = {
			isa = XCConfigurationList;
			buildConfigurations = (
				CB2C8CAA2C5698E600D280FE /* Debug */,
				CB2C8CAB2C5698E600D280FE /* Release */,
			);
			defaultConfigurationIsVisible = 0;
			defaultConfigurationName = Release;
		};
/* End XCConfigurationList section */

/* Begin XCRemoteSwiftPackageReference section */
		11A1C67A2C69765F00C86B91 /* XCRemoteSwiftPackageReference "Kingfisher" */ = {
			isa = XCRemoteSwiftPackageReference;
			repositoryURL = "https://github.com/onevcat/Kingfisher";
			requirement = {
				kind = upToNextMajorVersion;
				minimumVersion = 7.12.0;
			};
		};
		CBB20CBD2C61540E00B35416 /* XCRemoteSwiftPackageReference "firebase-ios-sdk" */ = {
			isa = XCRemoteSwiftPackageReference;
			repositoryURL = "https://github.com/firebase/firebase-ios-sdk";
			requirement = {
				kind = upToNextMajorVersion;
				minimumVersion = 11.0.0;
			};
		};
		CBB20CC22C61542A00B35416 /* XCRemoteSwiftPackageReference "SnapKit" */ = {
			isa = XCRemoteSwiftPackageReference;
			repositoryURL = "https://github.com/SnapKit/SnapKit.git";
			requirement = {
				kind = upToNextMajorVersion;
				minimumVersion = 5.7.1;
			};
		};
		CBB20CC52C61566300B35416 /* XCRemoteSwiftPackageReference "RadioBrowser" */ = {
			isa = XCRemoteSwiftPackageReference;
			repositoryURL = "https://github.com/ShapovalovIlya/RadioBrowser.git";
			requirement = {
				branch = main;
				kind = branch;
			};
		};
		CBB20CD62C6216B400B35416 /* XCRemoteSwiftPackageReference "GoogleSignIn-iOS" */ = {
			isa = XCRemoteSwiftPackageReference;
			repositoryURL = "https://github.com/google/GoogleSignIn-iOS";
			requirement = {
				kind = upToNextMajorVersion;
				minimumVersion = 7.1.0;
			};
		};
		CBB20CDB2C62171700B35416 /* XCRemoteSwiftPackageReference "lottie-spm" */ = {
			isa = XCRemoteSwiftPackageReference;
			repositoryURL = "https://github.com/airbnb/lottie-spm.git";
			requirement = {
				kind = upToNextMajorVersion;
				minimumVersion = 4.5.0;
			};
		};
/* End XCRemoteSwiftPackageReference section */

/* Begin XCSwiftPackageProductDependency section */
		11A1C67B2C69765F00C86B91 /* Kingfisher */ = {
			isa = XCSwiftPackageProductDependency;
			package = 11A1C67A2C69765F00C86B91 /* XCRemoteSwiftPackageReference "Kingfisher" */;
			productName = Kingfisher;
		};
		CBB20CBE2C61540E00B35416 /* FirebaseAuth */ = {
			isa = XCSwiftPackageProductDependency;
			package = CBB20CBD2C61540E00B35416 /* XCRemoteSwiftPackageReference "firebase-ios-sdk" */;
			productName = FirebaseAuth;
		};
		CBB20CC02C61540E00B35416 /* FirebaseFirestore */ = {
			isa = XCSwiftPackageProductDependency;
			package = CBB20CBD2C61540E00B35416 /* XCRemoteSwiftPackageReference "firebase-ios-sdk" */;
			productName = FirebaseFirestore;
		};
		CBB20CC32C61542A00B35416 /* SnapKit */ = {
			isa = XCSwiftPackageProductDependency;
			package = CBB20CC22C61542A00B35416 /* XCRemoteSwiftPackageReference "SnapKit" */;
			productName = SnapKit;
		};
		CBB20CC62C61566300B35416 /* RadioBrowser */ = {
			isa = XCSwiftPackageProductDependency;
			package = CBB20CC52C61566300B35416 /* XCRemoteSwiftPackageReference "RadioBrowser" */;
			productName = RadioBrowser;
		};
		CBB20CD72C6216B400B35416 /* GoogleSignIn */ = {
			isa = XCSwiftPackageProductDependency;
			package = CBB20CD62C6216B400B35416 /* XCRemoteSwiftPackageReference "GoogleSignIn-iOS" */;
			productName = GoogleSignIn;
		};
		CBB20CD92C6216B400B35416 /* GoogleSignInSwift */ = {
			isa = XCSwiftPackageProductDependency;
			package = CBB20CD62C6216B400B35416 /* XCRemoteSwiftPackageReference "GoogleSignIn-iOS" */;
			productName = GoogleSignInSwift;
		};
		CBB20CDC2C62171700B35416 /* Lottie */ = {
			isa = XCSwiftPackageProductDependency;
			package = CBB20CDB2C62171700B35416 /* XCRemoteSwiftPackageReference "lottie-spm" */;
			productName = Lottie;
		};
/* End XCSwiftPackageProductDependency section */

/* Begin XCVersionGroup section */
		CB2C8C9E2C5698E400D280FE /* RadioApp.xcdatamodeld */ = {
			isa = XCVersionGroup;
			children = (
				CB2C8C9F2C5698E400D280FE /* RadioApp.xcdatamodel */,
			);
			currentVersion = CB2C8C9F2C5698E400D280FE /* RadioApp.xcdatamodel */;
			path = RadioApp.xcdatamodeld;
			sourceTree = "<group>";
			versionGroupType = wrapper.xcdatamodel;
		};
/* End XCVersionGroup section */
	};
	rootObject = CB2C8C8A2C5698E400D280FE /* Project object */;
}
